{"SurveyEntry":{"SurveyID":"SV_ahNZJ3GUCdbwW4l","SurveyName":"Property N9. Incidence Check","SurveyDescription":null,"SurveyOwnerID":"UR_9WuPJ5lvPzHa0OF","SurveyBrandID":"monash","DivisionID":null,"SurveyLanguage":"EN","SurveyActiveResponseSet":"RS_6Ll3ZKZsaRQDHgh","SurveyStatus":"Active","SurveyStartDate":"0000-00-00 00:00:00","SurveyExpirationDate":"0000-00-00 00:00:00","SurveyCreationDate":"2017-04-18 02:30:15","CreatorID":"UR_9WuPJ5lvPzHa0OF","LastModified":"2017-04-18 20:32:16","LastAccessed":"0000-00-00 00:00:00","LastActivated":"2017-04-18 02:30:41","Deleted":null},"SurveyElements":[{"SurveyID":"SV_ahNZJ3GUCdbwW4l","Element":"BL","PrimaryAttribute":"Survey Blocks","SecondaryAttribute":null,"TertiaryAttribute":null,"Payload":[{"Type":"Default","Description":"Intro","ID":"BL_0xH21Js73Wqf1yd","BlockElements":[{"Type":"Question","QuestionID":"QID36"}]},{"Type":"Trash","Description":"Trash \/ Unused Questions","ID":"BL_cAbVIM7sgRbHKND","BlockElements":[{"Type":"Question","QuestionID":"QID205"}]},{"Type":"Standard","SubType":"","Description":"Block 1","ID":"BL_3jWsdB0nnsoOiHz","BlockElements":[{"Type":"Question","QuestionID":"QID202"},{"Type":"Question","QuestionID":"QID206"},{"Type":"Question","QuestionID":"QID207"},{"Type":"Question","QuestionID":"QID203"},{"Type":"Question","QuestionID":"QID204"}]}]},{"SurveyID":"SV_ahNZJ3GUCdbwW4l","Element":"FL","PrimaryAttribute":"Survey Flow","SecondaryAttribute":null,"TertiaryAttribute":null,"Payload":{"Type":"Root","FlowID":"FL_1","Flow":[{"Type":"EmbeddedData","FlowID":"FL_2","EmbeddedData":[{"Description":"r","Type":"Recipient","Field":"r","VariableType":"Nominal"},{"Description":"m","Type":"Recipient","Field":"m","VariableType":"Nominal"},{"Description":"cid","Type":"Recipient","Field":"cid","VariableType":"Nominal"}]},{"Type":"EmbeddedData","FlowID":"FL_6","EmbeddedData":[{"Description":"State","Type":"Recipient","Field":"State","VariableType":"Nominal"},{"Description":"Gender","Type":"Recipient","Field":"Gender","VariableType":"Nominal"},{"Description":"SawSurvey","Type":"Custom","Field":"SawSurvey","VariableType":"Nominal","Value":"1"}]},{"Type":"Block","ID":"BL_0xH21Js73Wqf1yd","FlowID":"FL_3"},{"Type":"Standard","ID":"BL_3jWsdB0nnsoOiHz","FlowID":"FL_19"}],"Properties":{"Count":25}}},{"SurveyID":"SV_ahNZJ3GUCdbwW4l","Element":"SO","PrimaryAttribute":"Survey Options","SecondaryAttribute":null,"TertiaryAttribute":null,"Payload":{"BackButton":"false","SaveAndContinue":"false","SurveyProtection":"PublicSurvey","BallotBoxStuffingPrevention":"false","NoIndex":"Yes","SecureResponseFiles":"true","SurveyExpiration":null,"SurveyTermination":"Redirect","Header":"<script src=\"https:\/\/ajax.googleapis.com\/ajax\/libs\/jquery\/3.1.0\/jquery.min.js\"><\/script><script>\nvar remove = setInterval(function(){\n  if (document.getElementById(\"Plug\")) {\n    console.log(\"remove success\");\n    document.getElementById(\"Plug\").remove();\n    clearInterval(remove);\n  }\n}, 1)\nQualtrics.SurveyEngine.addOnload(function()\n{\n\tQualtrics.SurveyEngine.OnEndOfSurvey = function() {\n\t\tconsole.log(\"End of survey submit\");\n        console.log(this.getQuestionInfo())\n\t}\n\n});\n<\/script>","Footer":"<script>\ndocument.getElementById(\"Plug\").remove()\n<\/script>","ProgressBarDisplay":"None","PartialData":"+1 week","ValidationMessage":null,"PreviousButton":"Back","NextButton":"Next","SkinLibrary":"nyu","SkinType":"MQ","Skin":"nyu1","NewScoring":1,"libraryId":"","nextButtonMid":"","previousButtonMid":"","headerMid":"","footerMid":"","QuestionsPerPage":"1","PageTransition":"None","ExternalCSS":"https:\/\/","CustomStyles":{"errorStyles":{"selector":".Skin .ValidationError","styles":{"color":null,"backgroundColor":null,"borderColor":"transparent"}},"errorStylesBG":{"selector":".Skin .HeaderValidationError, .Skin .HeaderValidationError li a","styles":{"color":null,"backgroundColor":null}},"pageStyles":{"selector":"#SurveyEngineBody","styles":{"backgroundColor":"rgb(0, 0, 0)"}},"textStyles":{"selector":".SkinInner","styles":{"fontFamily":"ms serif, new york, sans-serif","fontSize":null,"fontWeight":null,"fontStyle":null,"textDecoration":null,"color":null}},"questionStyles":{"selector":".Skin .QuestionText","styles":{"fontFamily":null,"fontSize":null,"fontWeight":null,"fontStyle":null,"textDecoration":null,"color":null}},"choiceStyles":{"selector":".Skin .horizontalbar th.ylabel, .Skin .Matrix table td, .Skin .Matrix table th, .Skin .Matrix table thead th, .Skin .Matrix table thead td, .Skin .PGR .DragAndDrop .Items label, .Skin .QuestionBody ul.ChoiceStructure, .Skin .PGR .DragAndDrop .Group ul, .Skin .PGR .DragAndDrop .Group h2, .Skin .PGR .DragAndDrop .Items ul, .Skin .PGR .DragAndDrop .Items h2, .Skin .DD .QuestionBody table.ChoiceStructure, .Skin .PGR .DragAndDrop .NoColumns td.groupsContainerTd div ul, .Skin .PGR .DragAndDrop .NoColumns td.groupsContainerTd div h2, .Skin .SBS thead th, .Skin .SBS td, .Skin .SBS .Answers td, .Skin .SBS .Answers th, .SBS table.ChoiceStructure, .Skin .horizontalbar thead table.LabelDescriptions tr td, .Skin .horizontalbar thead tr td.NotApplicable, .QuestionBody th, .Skin .QuestionBody .MC .MAVR label, .Skin .QuestionBody .MC .SAVR label, .Skin .SBS thead th, .Skin .SBS td, .Skin .RO .DND ul li, .Skin .reg, .SkinInner .ChoiceStructure, .Skin thead, .Skin .GAP .ChoiceStructure thead th, .Skin .GAP .ChoiceStructure .c4, .Skin .GAP .ChoiceStructure th, .Skin .GAP .ChoiceStructure .WhyText, .SkinInner .ChoiceStructure .LightBG, .Skin .QuestionOuter.Highlight .Inner .reg, .Skin .QuestionOuter.Highlight .Inner .alt, .Skin .QuestionOuter.Highlight .Inner .ReadableAlt       ","styles":{"fontFamily":null,"fontSize":null,"fontWeight":null,"fontStyle":null,"textDecoration":null,"color":null}},"headerStyles":{"selector":".Skin div#Header","styles":{"color":null}},"footerStyles":{"selector":".Skin #Footer","styles":{"color":null}},"questionSeparatorStyles":{"selector":".Skin .Separator","styles":{"backgroundColor":null,"display":null}},"highlightStyles":{"selector":".Skin .QuestionOuter.Highlight .Inner, .Skin .QuestionOuter.Highlight .Inner .reg, .Skin .QuestionOuter.Highlight .Inner .alt, .Skin .QuestionOuter.Highlight .Inner .ReadableAlt","styles":{"backgroundColor":null}},"highlightStylesAlt":{"selector":".Skin .QuestionOuter.Highlight .Inner .ReadableAlt, .Skin .QuestionOuter.Highlight .Inner .LightBG","styles":{"backgroundColor":null}},"textEntryStyles":{"selector":".Skin select, .Skin .InputText","styles":{"color":null}},"borderStyles":{"selector":".Skin .CS .horizontalbar table.sliderGrid tr.xlabel th, .Skin .CS .horizontalbar .ylabel, .Skin .CS .horizontalbar table.sliderGrid tr td.value, .Skin .Slider .horizontalbar table.sliderGrid tr.xlabel th, .Skin .BorderColor, .Skin .DarkBorderColor, .Skin .Slider .horizontalbar table.sliderGrid tr td.value, .Skin thead, .Skin .GAP .ChoiceStructure thead th  ","styles":{"borderColor":null}},"altRowStyles":{"selector":".Skin .ReadableAlt, .Skin .LightBG","styles":{"backgroundColor":null}},"customCSS":"\/* Place your CSS here *\/\n\n#SurveyEngineBody {\n    background: url(\"https:\/\/s3-ap-southeast-1.amazonaws.com\/s3.vase.ai\/surveys\/music\/understand-music.png\") center center \/ cover no-repeat fixed !important;\n}\n.Skin #LogoContainer {\n\tdisplay: none !important;\n}\n.Skin #SkinContent {\n\tbackground: rgba(0,0,0,0) !important;\n}\n.Skin label.MultipleAnswer.q-checked, .Skin label.SingleAnswer.q-checked {\n    background: #3E8F00 !important;\n    border-color: #000000 !important;\n    color: #fff !important;\n}\n#Overlay {\n\tbackground: rgba(255,255,255,.2) !important;\n}\n.Skin #Buttons #NextButton, .Skin #Buttons #PreviousButton {\n\tbackground-color: #3E8F00 !important;\n}\n.Skin .QuestionOuter.Highlight .Inner, .Skin .QuestionOuter.Highlight .Inner .reg, .Skin .QuestionOuter.Highlight .Inner .alt, .Skin .QuestionOuter.Highlight .Inner .ReadableAlt {\n\t    background-color: rgba(255, 255, 255, .5) !important;\n}\n\n #Plug{display:none !important;}\n\n.Skin label.q-radio.q-checked  {\n\tbackground-color: #3E8F00 !important;\n}\n\n.Skin label.q-checkbox.q-checked {\n\tbackground-color: #3E8F00 !important;\n}\n\n.Skin label.q-checkbox, .Skin label.q-radio {\n\tborder-color: #3E8F00 !important;\n}\n.Skin .SS .horizontalbar .handle:hover, .Skin .horizontalbar .Slider .handle:hover{\n\tbackground-color: #3E8F00 !important;\n}\n.Skin .SB input, .Skin .SS .horizontalbar .handle, .Skin .SS .verticalbar .SSTrack .handle, .Skin .horizontalbar .BarContainer:hover .bar, .Skin .horizontalbar .Slider .handle, .Skin .horizontalbar .activated .bar{\nbackground-color: #3E8F00 !important;\n}"},"HighlightQuestions":"off","EOSMessage":"MS_0PrEuA6AKUonmIZ","ShowExportTags":"false","CollectGeoLocation":"false","SurveyTitle":"Property | Vase Insights","SurveyMetaDescription":"Property | Vase Insights","PasswordProtection":"No","AnonymizeResponse":"No","Password":"","RefererCheck":"No","RefererURL":"http:\/\/","EOSMessageLibrary":"UR_9WuPJ5lvPzHa0OF","EOSRedirectURL":"https:\/\/link.getvase.com\/leo\/surveysubmit?r=${e:\/\/Field\/r}&type=qualtrics&qualtricsstatus=complete&cid=${e:\/\/Field\/cid}&sid=${e:\/\/Field\/sid}&rid=${e:\/\/Field\/ResponseID}&responseTime=${e:\/\/Field\/Q_TotalDuration}&target=https%3A%2F%2Fgetvase.com%2Fq%2Fthanks.html","EmailThankYou":"false","ThankYouEmailMessageLibrary":null,"ThankYouEmailMessage":null,"ValidateMessage":"false","ValidationMessageLibrary":null,"InactiveSurvey":"DefaultMessage","InactiveMessageLibrary":"","InactiveMessage":"","ActiveResponseSet":null,"AvailableLanguages":{"EN":[]},"ProtectSelectionIds":true,"PartialDataCloseAfter":"LastActivity"}},{"SurveyID":"SV_ahNZJ3GUCdbwW4l","Element":"SCO","PrimaryAttribute":"Scoring","SecondaryAttribute":null,"TertiaryAttribute":null,"Payload":{"ScoringCategories":[],"ScoringCategoryGroups":[],"ScoringSummaryCategory":null,"ScoringSummaryAfterQuestions":0,"ScoringSummaryAfterSurvey":0,"DefaultScoringCategory":null,"AutoScoringCategory":null}},{"SurveyID":"SV_ahNZJ3GUCdbwW4l","Element":"STAT","PrimaryAttribute":"Survey Statistics","SecondaryAttribute":null,"TertiaryAttribute":null,"Payload":{"MobileCompatible":true,"ID":"Survey Statistics"}},{"SurveyID":"SV_ahNZJ3GUCdbwW4l","Element":"QC","PrimaryAttribute":"Survey Question Count","SecondaryAttribute":"207","TertiaryAttribute":null,"Payload":null},{"SurveyID":"SV_ahNZJ3GUCdbwW4l","Element":"SQ","PrimaryAttribute":"QID206","SecondaryAttribute":"Are you looking to buy a property?","TertiaryAttribute":null,"Payload":{"QuestionText":"<div><b>Are you looking to buy a property?<\/b><\/div>","DataExportTag":"Q3","QuestionType":"MC","Selector":"SAVR","SubSelector":"TX","Configuration":{"QuestionDescriptionOption":"UseText","LabelPosition":"BELOW"},"QuestionDescription":"Are you looking to buy a property?","Choices":{"1":{"Display":"Yes, in the next 3 months"},"4":{"Display":"Yes, in the next 6 months"},"5":{"Display":"Yes, in 1 year time"},"6":{"Display":"Yes, in 2 years time"},"7":{"Display":"No, not looking to buy in 2 years time"}},"ChoiceOrder":["1","4","5","6","7"],"Randomization":{"Type":"None","Advanced":null,"EvenPresentation":false,"TotalRandSubset":""},"Validation":{"Settings":{"ForceResponse":"ON","ForceResponseType":"ON","Type":"None"}},"Language":[],"QuestionID":"QID206","QuestionText_Unsafe":"<div><b>Are you looking to buy a property?<\/b><\/div>"}},{"SurveyID":"SV_ahNZJ3GUCdbwW4l","Element":"SQ","PrimaryAttribute":"QID205","SecondaryAttribute":"Are you open to buy a property in Negeri Sembilan?","TertiaryAttribute":null,"Payload":{"QuestionText":"Are you <b>open to buy a property in Negeri Sembilan<\/b>?","DataExportTag":"Q3","QuestionType":"MC","Selector":"SAHR","SubSelector":"TX","Configuration":{"QuestionDescriptionOption":"UseText","LabelPosition":"BELOW"},"QuestionDescription":"Are you open to buy a property in Negeri Sembilan?","Choices":{"1":{"Display":"<img src=\"https:\/\/monash.az1.qualtrics.com\/CP\/Graphic.php?IM=IM_23Qs3W8j3MEphCl\" style=\"width: 84px; height: 62px;\" \/><br \/>\nYes, I am open to buying"},"2":{"Display":"<img src=\"https:\/\/monash.az1.qualtrics.com\/CP\/Graphic.php?IM=IM_6Ya54xxea96CSl7\" style=\"width: 60px; height: 61px;\" \/><br \/>\nNo, I am NOT open to buying"}},"ChoiceOrder":["1","2"],"Validation":{"Settings":{"ForceResponse":"ON","ForceResponseType":"ON","Type":"None"}},"Language":[],"QuestionID":"QID205","QuestionText_Unsafe":"Are you open to buy a property in Negeri Sembilan?"}},{"SurveyID":"SV_ahNZJ3GUCdbwW4l","Element":"SQ","PrimaryAttribute":"QID207","SecondaryAttribute":"Are you open to buying a property in Negeri Sembilan?","TertiaryAttribute":null,"Payload":{"QuestionText":"<div><b>Are you open to buying a property in Negeri Sembilan?<\/b><\/div>","DataExportTag":"Q4","QuestionType":"MC","Selector":"SAVR","SubSelector":"TX","Configuration":{"QuestionDescriptionOption":"UseText","LabelPosition":"BELOW"},"QuestionDescription":"Are you open to buying a property in Negeri Sembilan?","Choices":{"1":{"Display":"Yes, definitely"},"4":{"Display":"No"},"5":{"Display":"Yes, I might consider"}},"ChoiceOrder":["1","5","4"],"Randomization":{"Type":"None","Advanced":null,"EvenPresentation":false,"TotalRandSubset":""},"Validation":{"Settings":{"ForceResponse":"ON","ForceResponseType":"ON","Type":"None"}},"Language":[],"QuestionID":"QID207","QuestionText_Unsafe":"<div><b>Are you open to buying a property in Negeri Sembilan?<\/b><\/div>"}},{"SurveyID":"SV_ahNZJ3GUCdbwW4l","Element":"SQ","PrimaryAttribute":"QID36","SecondaryAttribute":"\u00a0 What are your thoughts on owning a property?\u00a0 Take 1 minute to share your thoughts and answer 5.","TertiaryAttribute":null,"Payload":{"QuestionText":"<div style=\"text-align: center;\"><img src=\"https:\/\/monash.az1.qualtrics.com\/CP\/Graphic.php?IM=IM_eyTt1hfysriY1nf\" style=\"width: 64px; height: 64px;\"><br>\n&nbsp;<\/div>\n\n<div style=\"text-align: center;\"><strong>What are your thoughts on owning a property?<\/strong><br>\n<em>&nbsp;<\/em><\/div>\n\n<div style=\"text-align: center;\">Take 1 minute to share your thoughts and answer 5 short questions.<\/div>","DefaultChoices":false,"DataExportTag":"Q1","QuestionType":"DB","Selector":"TB","Configuration":{"QuestionDescriptionOption":"UseText"},"QuestionDescription":"\u00a0 What are your thoughts on owning a property?\u00a0 Take 1 minute to share your thoughts and answer 5...","ChoiceOrder":[],"Validation":{"Settings":{"Type":"None"}},"GradingData":[],"Language":[],"QuestionID":"QID36","QuestionText_Unsafe":"<div style=\"text-align: center;\"><img src=\"https:\/\/monash.az1.qualtrics.com\/CP\/Graphic.php?IM=IM_eyTt1hfysriY1nf\" style=\"width: 64px; height: 64px;\"><br>\n&nbsp;<\/div>\n\n<div style=\"text-align: center;\"><strong>What are your thoughts on owning a property?<\/strong><br>\n<em>&nbsp;<\/em><\/div>\n\n<div style=\"text-align: center;\">Take 1 minute to share your thoughts and answer 5 short questions.<\/div>"}},{"SurveyID":"SV_ahNZJ3GUCdbwW4l","Element":"CJ","PrimaryAttribute":"CJ_9M16DlzaSWFFW05","SecondaryAttribute":"Conjoint","TertiaryAttribute":null,"Payload":{"Type":"SelfExplicated","Description":"Conjoint","DisplayOption":"Importance","DataExportTag":"CJ1","QuestionType":"Conjoint","T_FeatureElemenation":"Is ANY FEATURE LEVEL SO UNACCEPTABLE that ALL OPTIONS CONTAINING THAT LEVEL WOULD BE REJECTED, NO MATTER HOW ATTRACTIVE THE OPTION ON ALL OTHER FEATURES? In other words, with this feature level present, the option just doesn't work for you... and would NEVER, EVER, EVER be considered. It would be better for you to go totally without this product or service than have one with this feature level.","T_MostandLeastPreferred":"Please select your most preferred and least preferred for each set shown below:","T_PreferenceMostandLeast":"Considering the concepts you've just seen, please indicate your preference for the following:","T_ImportancesConstSum":"In the previous questions, you rated the following as your most preferred. Please allocate 100 percentage points showing the relative importance of each:","T_UpgradeConstSum":"Assume you are upgrading...please allocate 100 percentage points showing the relative importance of each upgrade:","DisplayOneAtATime":false,"Features":[],"ID":"CJ_9M16DlzaSWFFW05"}},{"SurveyID":"SV_ahNZJ3GUCdbwW4l","Element":"CJ","PrimaryAttribute":"CJ_emnpdkugksGmuvb","SecondaryAttribute":"Conjoint","TertiaryAttribute":null,"Payload":{"Type":"SelfExplicated","Description":"Conjoint","DisplayOption":"Importance","DataExportTag":"CJ1","QuestionType":"Conjoint","T_FeatureElemenation":"Is ANY FEATURE LEVEL SO UNACCEPTABLE that ALL OPTIONS CONTAINING THAT LEVEL WOULD BE REJECTED, NO MATTER HOW ATTRACTIVE THE OPTION ON ALL OTHER FEATURES? In other words, with this feature level present, the option just doesn't work for you... and would NEVER, EVER, EVER be considered. It would be better for you to go totally without this product or service than have one with this feature level.","T_MostandLeastPreferred":"Please select your most preferred and least preferred for each set shown below:","T_PreferenceMostandLeast":"Considering the concepts you've just seen, please indicate your preference for the following:","T_ImportancesConstSum":"In the previous questions, you rated the following as your most preferred. Please allocate 100 percentage points showing the relative importance of each:","T_UpgradeConstSum":"Assume you are upgrading...please allocate 100 percentage points showing the relative importance of each upgrade:","DisplayOneAtATime":false,"Features":[],"ID":"CJ_emnpdkugksGmuvb"}},{"SurveyID":"SV_ahNZJ3GUCdbwW4l","Element":"RS","PrimaryAttribute":"RS_6Ll3ZKZsaRQDHgh","SecondaryAttribute":"Default Response Set","TertiaryAttribute":null,"Payload":null},{"SurveyID":"SV_ahNZJ3GUCdbwW4l","Element":"SQ","PrimaryAttribute":"QID202","SecondaryAttribute":"Do you currently own any property (eg. house, condo, apartment, shoplot, etc)?","TertiaryAttribute":null,"Payload":{"QuestionText":"<div><b>Do you currently own any property<\/b> (eg. house, condo, apartment, shoplot, etc)?<\/div>","DataExportTag":"Q2","QuestionType":"MC","Selector":"SAVR","SubSelector":"TX","Configuration":{"QuestionDescriptionOption":"UseText","LabelPosition":"BELOW"},"QuestionDescription":"Do you currently own any property (eg. house, condo, apartment, shoplot, etc)?","Choices":{"1":{"Display":"Yes"},"4":{"Display":"No"}},"ChoiceOrder":["1","4"],"Validation":{"Settings":{"ForceResponse":"ON","ForceResponseType":"ON","Type":"None"}},"Language":[],"QuestionID":"QID202","Randomization":{"Type":"None","Advanced":null,"EvenPresentation":false,"TotalRandSubset":""},"QuestionText_Unsafe":"<div><b>Do you currently own any property<\/b> (eg. house, condo, apartment, shoplot, etc)?<\/div>","AnalyzeChoices":{"3":"on"}}},{"SurveyID":"SV_ahNZJ3GUCdbwW4l","Element":"SQ","PrimaryAttribute":"QID203","SecondaryAttribute":"What is your age? (Please input numbers only)","TertiaryAttribute":null,"Payload":{"QuestionText":"<b>What is your age?<\/b><div><br><\/div><div>(Please input numbers only)<\/div>","DefaultChoices":false,"DataExportTag":"Q5","QuestionType":"TE","Selector":"SL","Configuration":{"QuestionDescriptionOption":"UseText","InputWidth":111,"InputHeight":29},"QuestionDescription":"What is your age? (Please input numbers only)","Validation":{"Settings":{"ForceResponse":"ON","ForceResponseType":"ON","Type":"ContentType","ContentType":"ValidNumber","ValidDateType":"DateWithFormat","ValidPhoneType":"ValidUSPhone","ValidZipType":"ValidUSZip","ValidNumber":{"Min":"13","Max":"99"}}},"GradingData":[],"Language":[],"QuestionID":"QID203","QuestionText_Unsafe":"<b>What is your age?<\/b><div><br><\/div><div>(Please input numbers only)<\/div>"}},{"SurveyID":"SV_ahNZJ3GUCdbwW4l","Element":"SQ","PrimaryAttribute":"QID204","SecondaryAttribute":"What is your monthly household income?\u00a0 (Household income refers to the total income of your fami..","TertiaryAttribute":null,"Payload":{"QuestionText":"<div>What is your<b> monthly household income<\/b>?&nbsp;<\/div><div><br><\/div><div><i>(Household income refers to the total income of your family)<\/i><\/div>","DataExportTag":"Q6","QuestionType":"MC","Selector":"DL","Configuration":{"QuestionDescriptionOption":"UseText"},"QuestionDescription":"What is your monthly household income?\u00a0 (Household income refers to the total income of your fami...","Choices":{"4":{"Display":"Below RM500"},"5":{"Display":"RM500 - RM999 "},"6":{"Display":"RM1,000 - RM1,499 "},"7":{"Display":"RM1,500 - RM1,999 "},"8":{"Display":"RM2,000 - RM2,499 "},"9":{"Display":"RM2,500 - RM2,999 "},"10":{"Display":"RM3,000 - RM3,499 "},"11":{"Display":"RM3,500 - RM3,999 "},"12":{"Display":"RM4,000 - RM4,499 "},"13":{"Display":"RM4,500 - RM4,999 "},"14":{"Display":"RM5,000 - RM5,999 "},"15":{"Display":"RM6,000 - RM6,999 "},"16":{"Display":"RM7,000 - RM7,999 "},"17":{"Display":"RM8,000 - RM8,999"},"18":{"Display":"RM9,000 - RM9,999 "},"19":{"Display":"RM10,000 - RM14,999 "},"20":{"Display":"RM15,000 or above"}},"ChoiceOrder":["4","5","6","7","8","9","10","11","12","13","14","15","16","17","18","19","20"],"Validation":{"Settings":{"ForceResponse":"ON","ForceResponseType":"ON","Type":"None"}},"Language":[],"QuestionID":"QID204","QuestionText_Unsafe":"<div>What is your<b> monthly household income<\/b>?&nbsp;<\/div><div><br><\/div><div><i>(Household income refers to the total income of your family)<\/i><\/div>"}}]}