{"SurveyEntry":{"SurveyID":"SV_6g82lCrBKwNOALj","SurveyName":"F&B Incidence Check V2","SurveyDescription":null,"SurveyOwnerID":"UR_9WuPJ5lvPzHa0OF","SurveyBrandID":"monash","DivisionID":null,"SurveyLanguage":"EN","SurveyActiveResponseSet":"RS_3IzphdwWY93kFTv","SurveyStatus":"Active","SurveyStartDate":"0000-00-00 00:00:00","SurveyExpirationDate":"0000-00-00 00:00:00","SurveyCreationDate":"2017-04-19 20:32:39","CreatorID":"UR_9WuPJ5lvPzHa0OF","LastModified":"2017-04-25 19:52:19","LastAccessed":"0000-00-00 00:00:00","LastActivated":"2017-04-19 20:41:17","Deleted":null},"SurveyElements":[{"SurveyID":"SV_6g82lCrBKwNOALj","Element":"BL","PrimaryAttribute":"Survey Blocks","SecondaryAttribute":null,"TertiaryAttribute":null,"Payload":{"0":{"Type":"Default","Description":"Intro","ID":"BL_0xH21Js73Wqf1yd","BlockElements":[{"Type":"Question","QuestionID":"QID36"}]},"1":{"Type":"Trash","Description":"Trash \/ Unused Questions","ID":"BL_cAbVIM7sgRbHKND","BlockElements":[{"Type":"Question","QuestionID":"QID222"},{"Type":"Question","QuestionID":"QID233"},{"Type":"Question","QuestionID":"QID221"},{"Type":"Question","QuestionID":"QID232"},{"Type":"Question","QuestionID":"QID236"},{"Type":"Question","QuestionID":"QID237"}]},"2":{"Type":"Standard","SubType":"","Description":"Block 1","ID":"BL_bpkWY67hJseIUAJ","BlockElements":[{"Type":"Question","QuestionID":"QID202"}]},"3":{"Type":"Standard","SubType":"","Description":"Block 2","ID":"BL_2oAXy9oz9fYRTff","BlockElements":[{"Type":"Question","QuestionID":"QID203"}]},"4":{"Type":"Standard","SubType":"","Description":"English","ID":"BL_8GHszQUrcUHFpC5","BlockElements":[{"Type":"Question","QuestionID":"QID204"},{"Type":"Question","QuestionID":"QID205"},{"Type":"Question","QuestionID":"QID206"},{"Type":"Question","QuestionID":"QID207"},{"Type":"Question","QuestionID":"QID216"},{"Type":"Question","QuestionID":"QID220"},{"Type":"Question","QuestionID":"QID230"}]},"5":{"Type":"Standard","SubType":"","Description":"Malay","ID":"BL_eQfm9rfv5zhtMC9","BlockElements":[{"Type":"Question","QuestionID":"QID208"},{"Type":"Question","QuestionID":"QID209"},{"Type":"Question","QuestionID":"QID210"},{"Type":"Question","QuestionID":"QID211"},{"Type":"Question","QuestionID":"QID217"},{"Type":"Question","QuestionID":"QID231"},{"Type":"Question","QuestionID":"QID234"}]},"6":{"Type":"Standard","SubType":"","Description":"Chinese","ID":"BL_9oZwcPOA3NNk2a1","BlockElements":[{"Type":"Question","QuestionID":"QID212"},{"Type":"Question","QuestionID":"QID213"},{"Type":"Question","QuestionID":"QID214"},{"Type":"Question","QuestionID":"QID215"},{"Type":"Question","QuestionID":"QID218"},{"Type":"Question","QuestionID":"QID235"},{"Type":"Question","QuestionID":"QID238"}]},"8":{"Type":"Standard","SubType":"","Description":"Demographics","ID":"BL_efdSKrTZBs5SLkh","BlockElements":[{"Type":"Question","QuestionID":"QID223"},{"Type":"Question","QuestionID":"QID224"},{"Type":"Question","QuestionID":"QID225"},{"Type":"Question","QuestionID":"QID226"},{"Type":"Question","QuestionID":"QID227"},{"Type":"Question","QuestionID":"QID228"},{"Type":"Question","QuestionID":"QID229"}]}}},{"SurveyID":"SV_6g82lCrBKwNOALj","Element":"FL","PrimaryAttribute":"Survey Flow","SecondaryAttribute":null,"TertiaryAttribute":null,"Payload":{"Type":"Root","FlowID":"FL_1","Flow":[{"Type":"EmbeddedData","FlowID":"FL_2","EmbeddedData":[{"Description":"r","Type":"Recipient","Field":"r","VariableType":"Nominal"},{"Description":"m","Type":"Recipient","Field":"m","VariableType":"Nominal"},{"Description":"cid","Type":"Recipient","Field":"cid","VariableType":"Nominal"}]},{"Type":"EmbeddedData","FlowID":"FL_6","EmbeddedData":[{"Description":"State","Type":"Recipient","Field":"State","VariableType":"Nominal"},{"Description":"Gender","Type":"Recipient","Field":"Gender","VariableType":"Nominal"},{"Description":"SawSurvey","Type":"Custom","Field":"SawSurvey","VariableType":"Nominal","Value":"1"}]},{"Type":"Block","ID":"BL_0xH21Js73Wqf1yd","FlowID":"FL_3"},{"Type":"Standard","ID":"BL_bpkWY67hJseIUAJ","FlowID":"FL_19"},{"Type":"Branch","FlowID":"FL_5","Description":"New Branch","BranchLogic":{"0":{"0":{"LogicType":"Question","QuestionID":"QID202","QuestionIsInLoop":"no","ChoiceLocator":"q:\/\/QID202\/SelectableChoice\/14","Operator":"NotSelected","QuestionIDFromLocator":"QID202","LeftOperand":"q:\/\/QID202\/SelectableChoice\/14","Type":"Expression","Description":"<span class=\"ConjDesc\">If<\/span> <span class=\"QuestionDesc\">Do you or any of your close friends or relatives work in any of the following industries?&nbsp; (Choos...<\/span> <span class=\"LeftOpDesc\">None of the above<\/span> <span class=\"OpDesc\">Is Not Selected<\/span> "},"Type":"If"},"Type":"BooleanExpression"},"Flow":[{"Type":"EndSurvey","FlowID":"FL_10","EndingType":"Advanced","Options":{"Advanced":"true","SurveyTermination":"Redirect","EOSRedirectURL":"https:\/\/link.getvase.com\/leo\/surveysubmit?r=${e:\/\/Field\/r}&type=qualtrics&qualtricsstatus=notqualified&cid=${e:\/\/Field\/cid}&sid=${e:\/\/Field\/sid}&rid=${e:\/\/Field\/ResponseID}&responseTime=${e:\/\/Field\/Q_TotalDuration}&target=https%3A%2F%2Fgetvase.com%2Fq%2Fnotqualified.html","EOSMessageLibrary":"UR_9WuPJ5lvPzHa0OF","EOSMessage":"MS_86C0fWm2mOvBSQd"}}]},{"Type":"Standard","ID":"BL_efdSKrTZBs5SLkh","FlowID":"FL_28"},{"Type":"Standard","ID":"BL_2oAXy9oz9fYRTff","FlowID":"FL_20"},{"Type":"Branch","FlowID":"FL_24","Description":"New Branch","BranchLogic":{"0":{"0":{"LogicType":"Question","QuestionID":"QID203","QuestionIsInLoop":"no","ChoiceLocator":"q:\/\/QID203\/SelectableChoice\/2","Operator":"Selected","QuestionIDFromLocator":"QID203","LeftOperand":"q:\/\/QID203\/SelectableChoice\/2","Type":"Expression","Description":"<span class=\"ConjDesc\">If<\/span> <span class=\"QuestionDesc\">What is your preferred language when answering survey questions?<\/span> <span class=\"LeftOpDesc\">English<\/span> <span class=\"OpDesc\">Is Selected<\/span> "},"Type":"If"},"Type":"BooleanExpression"},"Flow":[{"Type":"Standard","ID":"BL_8GHszQUrcUHFpC5","FlowID":"FL_21"}]},{"Type":"Branch","FlowID":"FL_25","Description":"New Branch","BranchLogic":{"0":{"0":{"LogicType":"Question","QuestionID":"QID203","QuestionIsInLoop":"no","ChoiceLocator":"q:\/\/QID203\/SelectableChoice\/1","Operator":"Selected","QuestionIDFromLocator":"QID203","LeftOperand":"q:\/\/QID203\/SelectableChoice\/1","Type":"Expression","Description":"<span class=\"ConjDesc\">If<\/span> <span class=\"QuestionDesc\">What is your preferred language when answering survey questions?<\/span> <span class=\"LeftOpDesc\">Malay<\/span> <span class=\"OpDesc\">Is Selected<\/span> "},"Type":"If"},"Type":"BooleanExpression"},"Flow":[{"Type":"Standard","ID":"BL_eQfm9rfv5zhtMC9","FlowID":"FL_22"}]},{"Type":"Branch","FlowID":"FL_26","Description":"New Branch","BranchLogic":{"0":{"0":{"LogicType":"Question","QuestionID":"QID203","QuestionIsInLoop":"no","ChoiceLocator":"q:\/\/QID203\/SelectableChoice\/3","Operator":"Selected","QuestionIDFromLocator":"QID203","LeftOperand":"q:\/\/QID203\/SelectableChoice\/3","Type":"Expression","Description":"<span class=\"ConjDesc\">If<\/span> <span class=\"QuestionDesc\">What is your preferred language when answering survey questions?<\/span> <span class=\"LeftOpDesc\">Chinese<\/span> <span class=\"OpDesc\">Is Selected<\/span> "},"Type":"If"},"Type":"BooleanExpression"},"Flow":[{"Type":"Standard","ID":"BL_9oZwcPOA3NNk2a1","FlowID":"FL_23"}]}],"Properties":{"Count":29}}},{"SurveyID":"SV_6g82lCrBKwNOALj","Element":"SO","PrimaryAttribute":"Survey Options","SecondaryAttribute":null,"TertiaryAttribute":null,"Payload":{"BackButton":"false","SaveAndContinue":"false","SurveyProtection":"PublicSurvey","BallotBoxStuffingPrevention":"false","NoIndex":"Yes","SecureResponseFiles":"true","SurveyExpiration":null,"SurveyTermination":"Redirect","Header":"<script src=\"https:\/\/ajax.googleapis.com\/ajax\/libs\/jquery\/3.1.0\/jquery.min.js\"><\/script><script>\r\nvar remove = setInterval(function(){\r\n  if (document.getElementById(\"Plug\")) {\r\n    console.log(\"remove success\");\r\n    document.getElementById(\"Plug\").remove();\r\n    clearInterval(remove);\r\n  }\r\n}, 1)\r\nQualtrics.SurveyEngine.addOnload(function()\r\n{\r\n\tQualtrics.SurveyEngine.OnEndOfSurvey = function() {\r\n\t\tconsole.log(\"End of survey submit\");\r\n        console.log(this.getQuestionInfo())\r\n\t}\r\n\r\n});\r\n<\/script>","Footer":"<script>\r\ndocument.getElementById(\"Plug\").remove()\r\n<\/script>","ProgressBarDisplay":"None","PartialData":"+1 week","ValidationMessage":null,"PreviousButton":"Back","NextButton":"Next","SkinLibrary":"nyu","SkinType":"MQ","Skin":"nyu1","NewScoring":1,"libraryId":"","nextButtonMid":"","previousButtonMid":"","headerMid":"","footerMid":"","QuestionsPerPage":"1","PageTransition":"None","ExternalCSS":null,"CustomStyles":{"errorStyles":{"selector":".Skin .ValidationError","styles":{"color":null,"backgroundColor":null,"borderColor":"transparent"}},"errorStylesBG":{"selector":".Skin .HeaderValidationError, .Skin .HeaderValidationError li a","styles":{"color":null,"backgroundColor":null}},"pageStyles":{"selector":"#SurveyEngineBody","styles":{"backgroundColor":"rgb(0, 0, 0)"}},"textStyles":{"selector":".SkinInner","styles":{"fontFamily":"ms serif, new york, sans-serif","fontSize":null,"fontWeight":null,"fontStyle":null,"textDecoration":null,"color":null}},"questionStyles":{"selector":".Skin .QuestionText","styles":{"fontFamily":null,"fontSize":null,"fontWeight":null,"fontStyle":null,"textDecoration":null,"color":null}},"choiceStyles":{"selector":".Skin .horizontalbar th.ylabel, .Skin .Matrix table td, .Skin .Matrix table th, .Skin .Matrix table thead th, .Skin .Matrix table thead td, .Skin .PGR .DragAndDrop .Items label, .Skin .QuestionBody ul.ChoiceStructure, .Skin .PGR .DragAndDrop .Group ul, .Skin .PGR .DragAndDrop .Group h2, .Skin .PGR .DragAndDrop .Items ul, .Skin .PGR .DragAndDrop .Items h2, .Skin .DD .QuestionBody table.ChoiceStructure, .Skin .PGR .DragAndDrop .NoColumns td.groupsContainerTd div ul, .Skin .PGR .DragAndDrop .NoColumns td.groupsContainerTd div h2, .Skin .SBS thead th, .Skin .SBS td, .Skin .SBS .Answers td, .Skin .SBS .Answers th, .SBS table.ChoiceStructure, .Skin .horizontalbar thead table.LabelDescriptions tr td, .Skin .horizontalbar thead tr td.NotApplicable, .QuestionBody th, .Skin .QuestionBody .MC .MAVR label, .Skin .QuestionBody .MC .SAVR label, .Skin .SBS thead th, .Skin .SBS td, .Skin .RO .DND ul li, .Skin .reg, .SkinInner .ChoiceStructure, .Skin thead, .Skin .GAP .ChoiceStructure thead th, .Skin .GAP .ChoiceStructure .c4, .Skin .GAP .ChoiceStructure th, .Skin .GAP .ChoiceStructure .WhyText, .SkinInner .ChoiceStructure .LightBG, .Skin .QuestionOuter.Highlight .Inner .reg, .Skin .QuestionOuter.Highlight .Inner .alt, .Skin .QuestionOuter.Highlight .Inner .ReadableAlt       ","styles":{"fontFamily":null,"fontSize":null,"fontWeight":null,"fontStyle":null,"textDecoration":null,"color":null}},"headerStyles":{"selector":".Skin div#Header","styles":{"color":null}},"footerStyles":{"selector":".Skin #Footer","styles":{"color":null}},"questionSeparatorStyles":{"selector":".Skin .Separator","styles":{"backgroundColor":null,"display":null}},"highlightStyles":{"selector":".Skin .QuestionOuter.Highlight .Inner, .Skin .QuestionOuter.Highlight .Inner .reg, .Skin .QuestionOuter.Highlight .Inner .alt, .Skin .QuestionOuter.Highlight .Inner .ReadableAlt","styles":{"backgroundColor":null}},"highlightStylesAlt":{"selector":".Skin .QuestionOuter.Highlight .Inner .ReadableAlt, .Skin .QuestionOuter.Highlight .Inner .LightBG","styles":{"backgroundColor":null}},"textEntryStyles":{"selector":".Skin select, .Skin .InputText","styles":{"color":null}},"borderStyles":{"selector":".Skin .CS .horizontalbar table.sliderGrid tr.xlabel th, .Skin .CS .horizontalbar .ylabel, .Skin .CS .horizontalbar table.sliderGrid tr td.value, .Skin .Slider .horizontalbar table.sliderGrid tr.xlabel th, .Skin .BorderColor, .Skin .DarkBorderColor, .Skin .Slider .horizontalbar table.sliderGrid tr td.value, .Skin thead, .Skin .GAP .ChoiceStructure thead th  ","styles":{"borderColor":null}},"altRowStyles":{"selector":".Skin .ReadableAlt, .Skin .LightBG","styles":{"backgroundColor":null}},"customCSS":"\/* Place your CSS here *\/\n\n#SurveyEngineBody {\n    background:  center center \/ cover no-repeat fixed !important;\n}\n.Skin #LogoContainer {\n\tdisplay: none !important;\n}\n.Skin #SkinContent {\n\tbackground: rgba(0,0,0,0) !important;\n}\n.Skin label.MultipleAnswer.q-checked, .Skin label.SingleAnswer.q-checked {\n    background: #3E8F00 !important;\n    border-color: #000000 !important;\n    color: #fff !important;\n}\n#Overlay {\n\tbackground: rgba(255,255,255,.2) !important;\n}\n.Skin #Buttons #NextButton, .Skin #Buttons #PreviousButton {\n\tbackground-color: #3E8F00 !important;\n}\n.Skin .QuestionOuter.Highlight .Inner, .Skin .QuestionOuter.Highlight .Inner .reg, .Skin .QuestionOuter.Highlight .Inner .alt, .Skin .QuestionOuter.Highlight .Inner .ReadableAlt {\n\t    background-color: rgba(255, 255, 255, .5) !important;\n}\n\n #Plug{display:none !important;}\n\n.Skin label.q-radio.q-checked  {\n\tbackground-color: #3E8F00 !important;\n}\n\n.Skin label.q-checkbox.q-checked {\n\tbackground-color: #3E8F00 !important;\n}\n\n.Skin label.q-checkbox, .Skin label.q-radio {\n\tborder-color: #3E8F00 !important;\n}\n.Skin .SS .horizontalbar .handle:hover, .Skin .horizontalbar .Slider .handle:hover{\n\tbackground-color: #3E8F00 !important;\n}\n.Skin .SB input, .Skin .SS .horizontalbar .handle, .Skin .SS .verticalbar .SSTrack .handle, .Skin .horizontalbar .BarContainer:hover .bar, .Skin .horizontalbar .Slider .handle, .Skin .horizontalbar .activated .bar{\nbackground-color: #3E8F00 !important;\n}"},"HighlightQuestions":"off","EOSMessage":"MS_4YrHPZ6tVLd57wx","ShowExportTags":"false","CollectGeoLocation":"false","SurveyTitle":"F&B | Vase Insights","SurveyMetaDescription":"F&B | Vase Insights","PasswordProtection":"No","AnonymizeResponse":"No","Password":"","RefererCheck":"No","RefererURL":"http:\/\/","EOSMessageLibrary":"UR_9WuPJ5lvPzHa0OF","EOSRedirectURL":"https:\/\/link.getvase.com\/leo\/surveysubmit?r=${e:\/\/Field\/r}&type=qualtrics&qualtricsstatus=complete&cid=${e:\/\/Field\/cid}&sid=${e:\/\/Field\/sid}&rid=${e:\/\/Field\/ResponseID}&responseTime=${e:\/\/Field\/Q_TotalDuration}&target=https%3A%2F%2Fgetvase.com%2Fq%2Fthanks.html","EmailThankYou":"false","ThankYouEmailMessageLibrary":null,"ThankYouEmailMessage":null,"ValidateMessage":"false","ValidationMessageLibrary":null,"InactiveSurvey":"DefaultMessage","InactiveMessageLibrary":"","InactiveMessage":"","ActiveResponseSet":null,"AvailableLanguages":{"EN":[]},"ProtectSelectionIds":true,"PartialDataCloseAfter":"LastActivity"}},{"SurveyID":"SV_6g82lCrBKwNOALj","Element":"SCO","PrimaryAttribute":"Scoring","SecondaryAttribute":null,"TertiaryAttribute":null,"Payload":{"ScoringCategories":[],"ScoringCategoryGroups":[],"ScoringSummaryCategory":null,"ScoringSummaryAfterQuestions":0,"ScoringSummaryAfterSurvey":0,"DefaultScoringCategory":null,"AutoScoringCategory":null}},{"SurveyID":"SV_6g82lCrBKwNOALj","Element":"STAT","PrimaryAttribute":"Survey Statistics","SecondaryAttribute":null,"TertiaryAttribute":null,"Payload":{"MobileCompatible":true,"ID":"Survey Statistics"}},{"SurveyID":"SV_6g82lCrBKwNOALj","Element":"QC","PrimaryAttribute":"Survey Question Count","SecondaryAttribute":"238","TertiaryAttribute":null,"Payload":null},{"SurveyID":"SV_6g82lCrBKwNOALj","Element":"SQ","PrimaryAttribute":"QID211","SecondaryAttribute":"Apakah jenama 3-dalam-1 campuran kopi yang anda PALING KERAP MINUM?","TertiaryAttribute":null,"Payload":{"QuestionText":"<div>Apakah jenama <b>3-dalam-1<\/b> <b>campuran kopi<\/b> yang anda <b>PALING KERAP MINUM<\/b>?<\/div>","QuestionType":"MC","Selector":"SACOL","SubSelector":"TX","Configuration":{"QuestionDescriptionOption":"UseText","NumColumns":2},"QuestionDescription":"Apakah jenama 3-dalam-1 campuran kopi yang anda PALING KERAP MINUM?","Choices":{"4":{"Display":"Nescafe 3-in-1"},"5":{"Display":"Aik Cheong White Coffee Mixes"},"6":{"Display":"Super Coffee Mixes"},"7":{"Display":"Indocafe Coffee Mixes"},"8":{"Display":"Power Root Coffee Mixes  (Ali Caf\u00e9\/Perl Caf\u00e9)"},"9":{"Display":"Kopiko LA Coffee"},"10":{"Display":"Kopiko (Others)"},"11":{"Display":"Ah Huat White Coffee"},"12":{"Display":"Old Town White Coffee"},"13":{"Display":"Lain-lain"}},"ChoiceOrder":["4","5","6","7","8","9","10","11","12","13"],"Validation":{"Settings":{"ForceResponse":"ON","ForceResponseType":"ON","Type":"None"}},"Language":[],"QuestionText_Unsafe":"<div>Apakah jenama <b>3-dalam-1<\/b> <b>campuran kopi<\/b> yang anda <b>PALING KERAP MINUM<\/b>?<\/div>","DataExportTag":"Q21","QuestionID":"QID211","RecodeValues":{"4":"1","5":"2","6":"3","7":"4","8":"5","9":"6","10":"7","11":"8","12":"9","13":"99"},"Randomization":{"Type":"Advanced","Advanced":{"FixedOrder":["{~Randomized~}","{~Randomized~}","{~Randomized~}","{~Randomized~}","{~Randomized~}","{~Randomized~}","{~Randomized~}","{~Randomized~}","{~Randomized~}","13"],"RandomizeAll":["4","5","6","7","8","9","10","11","12"],"RandomSubSet":[],"Undisplayed":[],"TotalRandSubset":0},"EvenPresentation":false,"TotalRandSubset":""},"DisplayLogic":{"0":{"0":{"LogicType":"Question","QuestionID":"QID209","QuestionIsInLoop":"no","ChoiceLocator":"q:\/\/QID209\/SelectableChoice\/15","Operator":"Selected","QuestionIDFromLocator":"QID209","LeftOperand":"q:\/\/QID209\/SelectableChoice\/15","Type":"Expression","Description":"<span class=\"ConjDesc\">If<\/span> <span class=\"QuestionDesc\">Jenis minuman yang manakah anda pernah minum dalam 7 hari yang lepas? (Sila pilih semua jawapan y...<\/span> <span class=\"LeftOpDesc\">Kopi pracampur 3 dalam 1<\/span> <span class=\"OpDesc\">Is Selected<\/span> "},"Type":"If"},"Type":"BooleanExpression","inPage":false},"VariableNaming":{"4":"Nescafe 3-in-1","5":"Aik Cheong White Coffee Mixes","6":"Super Coffee Mixes","7":"Indocafe Coffee Mixes","8":"Power Root Coffee Mixes  (Ali Caf\u00e9\/Perl Caf\u00e9)","9":"Kopiko LA Coffee","10":"Kopiko (Others)","11":"Ah Huat White Coffee","12":"Old Town White Coffee","13":"Others (99)"}}},{"SurveyID":"SV_6g82lCrBKwNOALj","Element":"SQ","PrimaryAttribute":"QID231","SecondaryAttribute":"Apakah jenis makanan yang anda ambil dalam masa 3 bulan yang lepas? (Sila pilih semua jawapan yan...","TertiaryAttribute":null,"Payload":{"QuestionText":"<div>Apakah jenis <b>makanan<\/b> yang anda ambil <b>dalam masa 3 bulan yang lepas<\/b>?<\/div><div><em><br><\/em><\/div><div><em>(Sila pilih semua jawapan yang berkenaan)<\/em><\/div>","DefaultChoices":false,"DataExportTag":"Q23","QuestionType":"MC","Selector":"MACOL","SubSelector":"TX","Configuration":{"QuestionDescriptionOption":"UseText","NumColumns":2},"QuestionDescription":"Apakah jenis makanan yang anda ambil dalam masa 3 bulan yang lepas? (Sila pilih semua jawapan yan...","Choices":{"12":{"Display":"Kerepek kentang (e.g Mister Potato, Twisties, etc)"},"13":{"Display":"Biskut"},"14":{"Display":"Cokolat"},"15":{"Display":"Bertih jagung"},"16":{"Display":"Kek"},"17":{"Display":"Roti"},"18":{"Display":"Gula-gula"},"19":{"Display":"Lain-lain"}},"ChoiceOrder":["12","13","14","15","16","17","18","19"],"Randomization":{"Type":"Advanced","Advanced":{"FixedOrder":["{~Randomized~}","{~Randomized~}","{~Randomized~}","{~Randomized~}","{~Randomized~}","{~Randomized~}","{~Randomized~}","19"],"RandomizeAll":["12","13","14","15","16","17","18"],"RandomSubSet":[],"Undisplayed":[],"TotalRandSubset":0},"EvenPresentation":false,"TotalRandSubset":""},"Validation":{"Settings":{"ForceResponse":"ON","ForceResponseType":"ON","Type":"None"}},"RecodeValues":{"12":"1","13":"2","14":"3","15":"4","16":"5","17":"6","18":"7","19":"8"},"GradingData":[],"Language":[],"QuestionID":"QID231","QuestionText_Unsafe":"<div>Apakah jenis <b>makanan<\/b> yang anda ambil <b>dalam masa 3 bulan yang lepas<\/b>?<\/div><div><em><br><\/em><\/div><div><em>(Sila pilih semua jawapan yang berkenaan)<\/em><\/div>","VariableNaming":{"12":"Chips (e.g Potato chips, Twisties, etc)","13":"Biscuits","14":"Chocolate","15":"Popcorn","16":"Cakes","17":"Bread","18":"Sweets","19":"Others"}}},{"SurveyID":"SV_6g82lCrBKwNOALj","Element":"SQ","PrimaryAttribute":"QID222","SecondaryAttribute":"\u00a0Please tell me when was the last time you personally ate biscuits?","TertiaryAttribute":null,"Payload":{"QuestionText":"&nbsp;Please tell me when was <b>the last time you personally ate biscuits<\/b>?","DataExportTag":"Q11","QuestionType":"MC","Selector":"SAVR","SubSelector":"TX","Configuration":{"QuestionDescriptionOption":"UseText"},"QuestionDescription":"\u00a0Please tell me when was the last time you personally ate biscuits?","Choices":{"25":{"Display":"This week"},"26":{"Display":"Past 1 - 4 weeks"},"27":{"Display":"1 - 3 months ago"},"28":{"Display":"4 - 5 months ago"},"29":{"Display":"More than 5 months ago"},"30":{"Display":"I don't remember"}},"ChoiceOrder":["25","26","27","28","29","30"],"Validation":{"Settings":{"ForceResponse":"ON","ForceResponseType":"ON","Type":"None"}},"Language":[],"QuestionID":"QID222","DefaultChoices":false,"DisplayLogic":{"0":{"0":{"LogicType":"Question","QuestionID":"QID220","QuestionIsInLoop":"no","ChoiceLocator":"q:\/\/QID220\/SelectableChoice\/13","Operator":"Selected","QuestionIDFromLocator":"QID220","LeftOperand":"q:\/\/QID220\/SelectableChoice\/13","Type":"Expression","Description":"<span class=\"ConjDesc\">If<\/span> <span class=\"QuestionDesc\">What type of&amp;nbsp;food do you eat in the past 3 months?(Choose all relevant options)<\/span> <span class=\"LeftOpDesc\">Biscuits<\/span> <span class=\"OpDesc\">Is Selected<\/span> "},"Type":"If"},"Type":"BooleanExpression","inPage":false},"RecodeValues":{"25":"1","26":"2","27":"3","28":"4","29":"5","30":"99"},"GradingData":[],"QuestionText_Unsafe":"When was the<b> last time you ate biscuits<\/b>?"}},{"SurveyID":"SV_6g82lCrBKwNOALj","Element":"SQ","PrimaryAttribute":"QID237","SecondaryAttribute":"\u00a0Please tell me when was\u00a0the last time you personally ate biscuits?","TertiaryAttribute":null,"Payload":{"QuestionText":"&nbsp;Please tell me when was&nbsp;<strong>the last time you personally ate biscuits<\/strong>?","DefaultChoices":false,"DataExportTag":"Q29","QuestionType":"MC","Selector":"SAVR","SubSelector":"TX","Configuration":{"QuestionDescriptionOption":"UseText"},"QuestionDescription":"\u00a0Please tell me when was\u00a0the last time you personally ate biscuits?","Choices":{"25":{"Display":"This week"},"26":{"Display":"Past 1 - 4 weeks"},"27":{"Display":"1 - 3 months ago"},"28":{"Display":"4 - 5 months ago"},"29":{"Display":"More than 5 months ago"},"30":{"Display":"I don't remember"}},"DisplayLogic":{"0":{"0":{"LogicType":"Question","QuestionID":"QID235","QuestionIsInLoop":"no","ChoiceLocator":"q:\/\/QID235\/SelectableChoice\/13","Operator":"Selected","QuestionIDFromLocator":"QID235","LeftOperand":"q:\/\/QID235\/SelectableChoice\/13","Type":"Expression","Description":"<span class=\"ConjDesc\">If<\/span> <span class=\"QuestionDesc\">\u4ee5\u4e0b\u54ea\u4e2a\u98df\u54c1\u7684\u79cd\u7c7b\u662f\u60a8\u5728\u8fd9\u4e09\u4e2a\u6708\u5185\u6709\u5403\u8fc7\u7684\uff1f (\u53ef\u9009\u62e9\u591a\u8fc7\u4e00\u79cd)<\/span> <span class=\"LeftOpDesc\">\u997c\u5e72 (Biscuits)<\/span> <span class=\"OpDesc\">Is Selected<\/span> "},"Type":"If"},"Type":"BooleanExpression","inPage":false},"ChoiceOrder":["25","26","27","28","29","30"],"Validation":{"Settings":{"ForceResponse":"ON","ForceResponseType":"ON","Type":"None"}},"RecodeValues":{"25":"1","26":"2","27":"3","28":"4","29":"5","30":"99"},"GradingData":[],"Language":[],"QuestionID":"QID237","QuestionText_Unsafe":"When was the<b> last time you ate biscuits<\/b>?"}},{"SurveyID":"SV_6g82lCrBKwNOALj","Element":"SQ","PrimaryAttribute":"QID233","SecondaryAttribute":"\u00a0Sila nyatakan bilakah kali terakhir anda memakan biskut.","TertiaryAttribute":null,"Payload":{"QuestionText":"&nbsp;Sila <b>nyatakan<\/b> bilakah <b>kali terakhir anda memakan biskut<\/b>.","DefaultChoices":false,"DataExportTag":"Q20","QuestionType":"MC","Selector":"SAVR","SubSelector":"TX","Configuration":{"QuestionDescriptionOption":"UseText"},"QuestionDescription":"\u00a0Sila nyatakan bilakah kali terakhir anda memakan biskut.","Choices":{"25":{"Display":"Dalam minggu ini"},"26":{"Display":"1 - 4 minggu yang lepas"},"27":{"Display":"1 - 3 bulan yang lepas"},"28":{"Display":"4 - 5 bulan yang lepas"},"29":{"Display":"Lebih dari 5 bulan yang lepas"},"30":{"Display":"Tidak pasti"}},"DisplayLogic":{"0":{"0":{"LogicType":"Question","QuestionID":"QID231","QuestionIsInLoop":"no","ChoiceLocator":"q:\/\/QID231\/SelectableChoice\/13","Operator":"Selected","QuestionIDFromLocator":"QID231","LeftOperand":"q:\/\/QID231\/SelectableChoice\/13","Type":"Expression","Description":"<span class=\"ConjDesc\">If<\/span> <span class=\"QuestionDesc\">Apakah jenis makanan yang anda ambil dalam masa 3 bulan yang lepas? (Sila pilih semua jawapan yan...<\/span> <span class=\"LeftOpDesc\">Biskut<\/span> <span class=\"OpDesc\">Is Selected<\/span> "},"Type":"If"},"Type":"BooleanExpression","inPage":false},"ChoiceOrder":["25","26","27","28","29","30"],"Validation":{"Settings":{"ForceResponse":"ON","ForceResponseType":"ON","Type":"None"}},"RecodeValues":{"25":"1","26":"2","27":"3","28":"4","29":"5","30":"99"},"GradingData":[],"Language":[],"QuestionID":"QID233","QuestionText_Unsafe":"Bilakah<b> kali terakhir<\/b> <b>anda memakan biskut<\/b>?"}},{"SurveyID":"SV_6g82lCrBKwNOALj","Element":"SQ","PrimaryAttribute":"QID235","SecondaryAttribute":"\u4ee5\u4e0b\u54ea\u4e2a\u98df\u54c1\u7684\u79cd\u7c7b\u662f\u60a8\u5728\u8fd9\u4e09\u4e2a\u6708\u5185\u6709\u5403\u8fc7\u7684\uff1f (\u53ef\u9009\u62e9\u591a\u8fc7\u4e00\u79cd)","TertiaryAttribute":null,"Payload":{"QuestionText":"<div>\u4ee5\u4e0b\u54ea\u4e2a\u98df\u54c1\u7684\u79cd\u7c7b\u662f\u60a8\u5728\u8fd9<b>\u4e09\u4e2a\u6708\u5185\u6709\u5403\u8fc7\u7684<\/b>\uff1f<\/div><div><br><\/div><div><i>(\u53ef\u9009\u62e9\u591a\u8fc7\u4e00\u79cd)<\/i><\/div>","DefaultChoices":false,"DataExportTag":"Q30","QuestionType":"MC","Selector":"MACOL","SubSelector":"TX","Configuration":{"QuestionDescriptionOption":"UseText","NumColumns":2},"QuestionDescription":"\u4ee5\u4e0b\u54ea\u4e2a\u98df\u54c1\u7684\u79cd\u7c7b\u662f\u60a8\u5728\u8fd9\u4e09\u4e2a\u6708\u5185\u6709\u5403\u8fc7\u7684\uff1f (\u53ef\u9009\u62e9\u591a\u8fc7\u4e00\u79cd)","Choices":{"12":{"Display":"\u85af\u7247 (Chips)"},"13":{"Display":"\u997c\u5e72 (Biscuits)"},"14":{"Display":"\u5de7\u514b\u529b (Chocolate)"},"15":{"Display":"\u7206\u7c73\u82b1 (Popcorn)"},"16":{"Display":"\u86cb\u7cd5 (Cakes)"},"17":{"Display":"\u9762\u5305 (Bread)"},"18":{"Display":"\u7cd6\u679c (Sweets)"},"19":{"Display":"\u5176\u4ed6"}},"ChoiceOrder":["12","13","14","15","16","17","18","19"],"Randomization":{"Type":"Advanced","Advanced":{"FixedOrder":["{~Randomized~}","{~Randomized~}","{~Randomized~}","{~Randomized~}","{~Randomized~}","{~Randomized~}","{~Randomized~}","19"],"RandomizeAll":["12","13","14","15","16","17","18"],"RandomSubSet":[],"Undisplayed":[],"TotalRandSubset":0},"EvenPresentation":false,"TotalRandSubset":""},"Validation":{"Settings":{"ForceResponse":"ON","ForceResponseType":"ON","Type":"None"}},"RecodeValues":{"12":"1","13":"2","14":"3","15":"4","16":"5","17":"6","18":"7","19":"8"},"GradingData":[],"Language":[],"QuestionID":"QID235","QuestionText_Unsafe":"<div>\u4ee5\u4e0b\u54ea\u4e2a\u98df\u54c1\u7684\u79cd\u7c7b\u662f\u60a8\u5728\u8fd9<b>\u4e09\u4e2a\u6708\u5185\u6709\u5403\u8fc7\u7684<\/b>\uff1f<\/div><div><br><\/div><div><i>(\u53ef\u9009\u62e9\u591a\u8fc7\u4e00\u79cd)<\/i><\/div>","VariableNaming":{"12":"Chips (e.g Potato chips, Twisties, etc) ","13":"Biscuits","14":"Chocolate","15":"Popcorn","16":"Cakes","17":"Bread","18":"Sweets","19":"Others"}}},{"SurveyID":"SV_6g82lCrBKwNOALj","Element":"SQ","PrimaryAttribute":"QID213","SecondaryAttribute":"\u4ee5\u4e0b\u90a3\u4e2a\u996e\u54c1\u7684\u79cd\u7c7b\u662f\u60a8\u57287\u5929\u524d\u6709\u559d\u8fc7\u7684\uff1f (\u53ef\u9009\u62e9\u591a\u8fc7\u4e00\u79cd)","TertiaryAttribute":null,"Payload":{"QuestionText":"<p>\u4ee5\u4e0b\u90a3\u4e2a\u996e\u54c1\u7684\u79cd\u7c7b\u662f\u60a8\u5728<strong>7\u5929\u524d\u6709\u559d\u8fc7\u7684<\/strong>\uff1f<\/p><p><br><\/p><p><em>(\u53ef\u9009\u62e9\u591a\u8fc7\u4e00\u79cd)<\/em><\/p>","QuestionType":"MC","Selector":"MACOL","SubSelector":"TX","Configuration":{"QuestionDescriptionOption":"UseText","NumColumns":2},"QuestionDescription":"\u4ee5\u4e0b\u90a3\u4e2a\u996e\u54c1\u7684\u79cd\u7c7b\u662f\u60a8\u57287\u5929\u524d\u6709\u559d\u8fc7\u7684\uff1f (\u53ef\u9009\u62e9\u591a\u8fc7\u4e00\u79cd)","Choices":{"5":{"Display":"\u82f1\u56fd\/\u9521\u5170\u8336"},"8":{"Display":"\u9752\u8336\/\u7eff\u8336"},"11":{"Display":"\u5065\u5eb7\u98df\u7269\u996e\u54c1 \/ \u6709\u8425\u517b\u996e\u54c1"},"14":{"Display":"3\u54081\u6df7\u5408\u5496\u5561"},"17":{"Display":"\u6eb6\u5496\u5561"},"20":{"Display":"\u8c37\u7c7b\u996e\u54c1"},"23":{"Display":"\u9ea6\u7247"},"26":{"Display":"\u725b\u5976"},"29":{"Display":"\u6c7d\u6c34"},"32":{"Display":"\u679c\u6c41"},"35":{"Display":"\u4ee5\u4e0a\u7686\u65e0","ExclusiveAnswer":true}},"ChoiceOrder":["5","8","11","14","17","20","23","26","29","32","35"],"Validation":{"Settings":{"ForceResponse":"ON","ForceResponseType":"ON","Type":"None"}},"Language":[],"QuestionText_Unsafe":"<p>\u4ee5\u4e0b\u90a3\u4e2a\u996e\u54c1\u7684\u79cd\u7c7b\u662f\u60a8\u5728<strong>7\u5929\u524d\u6709\u559d\u8fc7\u7684<\/strong>\uff1f<\/p><p><br><\/p><p><em>(\u53ef\u9009\u62e9\u591a\u8fc7\u4e00\u79cd)<\/em><\/p>","DataExportTag":"Q26","QuestionID":"QID213","DisplayLogic":{"0":{"0":{"LogicType":"Question","QuestionID":"QID203","QuestionIsInLoop":"no","ChoiceLocator":"q:\/\/QID203\/SelectableChoice\/3","Operator":"Selected","QuestionIDFromLocator":"QID203","LeftOperand":"q:\/\/QID203\/SelectableChoice\/3","Type":"Expression","Description":"<span class=\"ConjDesc\">If<\/span> <span class=\"QuestionDesc\">What is your preferred language when answering this survey?<\/span> <span class=\"LeftOpDesc\">Chinese<\/span> <span class=\"OpDesc\">Is Selected<\/span> "},"1":{"LogicType":"Question","QuestionID":"QID212","QuestionIsInLoop":"no","ChoiceLocator":"q:\/\/QID212\/SelectableChoice\/14","Operator":"NotSelected","QuestionIDFromLocator":"QID212","LeftOperand":"q:\/\/QID212\/SelectableChoice\/14","Type":"Expression","Description":"<span class=\"ConjDesc\">And<\/span> <span class=\"QuestionDesc\">\u8bf7\u95ee\u4ee5\u4e0b\u54ea\u4e00\u4e2a\u7c7b\u578b\u7684\u996e\u54c1\u662f\u60a8\u4ece\u6765\u4e0d\u4f1a\u8003\u8651\u8d2d\u4e70\u7ed9\u60a8\u672c\u8eab\u6216\u5bb6\u4eba\u7684\u5462? (\u53ef\u9009\u62e9\u591a\u8fc7\u4e00\u79cd)...<\/span> <span class=\"LeftOpDesc\">3\u54081\u6df7\u5408\u5496\u5561<\/span> <span class=\"OpDesc\">Is Not Selected<\/span> ","Conjuction":"And"},"Type":"If"},"Type":"BooleanExpression","inPage":false},"Randomization":{"Type":"Advanced","Advanced":{"FixedOrder":["{~Randomized~}","{~Randomized~}","{~Randomized~}","{~Randomized~}","{~Randomized~}","{~Randomized~}","{~Randomized~}","{~Randomized~}","{~Randomized~}","{~Randomized~}","35"],"RandomizeAll":["5","8","11","14","17","20","23","26","29","32"],"RandomSubSet":[],"Undisplayed":[],"TotalRandSubset":0},"EvenPresentation":false,"TotalRandSubset":""},"RecodeValues":{"5":"5","8":"8","11":"11","14":"14","17":"17","20":"20","23":"23","26":"26","29":"29","32":"32","35":"35"},"VariableNaming":{"5":"English\/Ceylon Tea","8":"Green Tea","11":"Health Food Drinks\/Fortified Drinks","14":"3-in-1 Coffee Mixes","17":"Instant Coffee","20":"Cereal Drink","23":"Oats","26":"Milk","29":"Carbonated Soft Drinks","32":"Fruit Juice","35":"None of the above"}}},{"SurveyID":"SV_6g82lCrBKwNOALj","Element":"SQ","PrimaryAttribute":"QID215","SecondaryAttribute":"\u54ea\u4e00\u4e2a3\u54081\u6df7\u5408\u5496\u5561\u7684\u724c\u5b50\u662f\u60a8\u6700\u5e38\u559d\u7684\uff1f","TertiaryAttribute":null,"Payload":{"QuestionText":"<div>\u54ea\u4e00\u4e2a3\u54081\u6df7\u5408\u5496\u5561\u7684\u724c\u5b50\u662f\u60a8<b>\u6700\u5e38\u559d<\/b>\u7684\uff1f<\/div>","QuestionType":"MC","Selector":"SACOL","SubSelector":"TX","Configuration":{"QuestionDescriptionOption":"UseText","NumColumns":2},"QuestionDescription":"\u54ea\u4e00\u4e2a3\u54081\u6df7\u5408\u5496\u5561\u7684\u724c\u5b50\u662f\u60a8\u6700\u5e38\u559d\u7684\uff1f","Choices":{"4":{"Display":"Nescafe 3-in-1"},"5":{"Display":"Aik Cheong White Coffee Mixes"},"6":{"Display":"Super Coffee Mixes"},"7":{"Display":"Indocafe Coffee Mixes"},"8":{"Display":"Power Root Coffee Mixes  (Ali Caf\u00e9\/Perl Caf\u00e9)"},"9":{"Display":"Kopiko LA Coffee"},"10":{"Display":"Kopiko (Others)"},"11":{"Display":"Ah Huat White Coffee"},"12":{"Display":"Old Town White Coffee"},"13":{"Display":"\u5176\u4ed6"}},"ChoiceOrder":["4","5","6","7","8","9","10","11","12","13"],"Validation":{"Settings":{"ForceResponse":"ON","ForceResponseType":"ON","Type":"None"}},"Language":[],"QuestionText_Unsafe":"<div>\u54ea\u4e00\u4e2a3\u54081\u6df7\u5408\u5496\u5561\u7684\u724c\u5b50\u662f\u60a8<b>\u6700\u5e38\u559d<\/b>\u7684\uff1f<\/div>","DataExportTag":"Q28","QuestionID":"QID215","RecodeValues":{"4":"1","5":"5","6":"3","7":"4","8":"5","9":"6","10":"7","11":"8","12":"9","13":"99"},"Randomization":{"Type":"Advanced","Advanced":{"FixedOrder":["{~Randomized~}","{~Randomized~}","{~Randomized~}","{~Randomized~}","{~Randomized~}","{~Randomized~}","{~Randomized~}","{~Randomized~}","{~Randomized~}","13"],"RandomizeAll":["4","5","6","7","8","9","10","11","12"],"RandomSubSet":[],"Undisplayed":[],"TotalRandSubset":0},"EvenPresentation":false,"TotalRandSubset":""},"DisplayLogic":{"0":{"0":{"LogicType":"Question","QuestionID":"QID213","QuestionIsInLoop":"no","ChoiceLocator":"q:\/\/QID213\/SelectableChoice\/14","Operator":"Selected","QuestionIDFromLocator":"QID213","LeftOperand":"q:\/\/QID213\/SelectableChoice\/14","Type":"Expression","Description":"<span class=\"ConjDesc\">If<\/span> <span class=\"QuestionDesc\">\u4ee5\u4e0b\u90a3\u4e2a\u996e\u54c1\u7684\u79cd\u7c7b\u662f\u60a8\u57287\u5929\u524d\u6709\u559d\u8fc7\u7684\uff1f (\u53ef\u9009\u62e9\u591a\u8fc7\u4e00\u79cd)<\/span> <span class=\"LeftOpDesc\">3\u54081\u6df7\u5408\u5496\u5561<\/span> <span class=\"OpDesc\">Is Selected<\/span> "},"Type":"If"},"Type":"BooleanExpression","inPage":false},"VariableNaming":{"4":"Nescafe 3-in-1","5":"Aik Cheong White Coffee Mixes","6":"Super Coffee Mixes","7":"Indocafe Coffee Mixes","8":"Power Root Coffee Mixes  (Ali Caf\u00e9\/Perl Caf\u00e9)","9":"Kopiko LA Coffee","10":"Kopiko (Others)","11":"Ah Huat White Coffee","12":"Old Town White Coffee","13":"Others"}}},{"SurveyID":"SV_6g82lCrBKwNOALj","Element":"SQ","PrimaryAttribute":"QID234","SecondaryAttribute":"Berapa kerapkah anda memakan biskut?","TertiaryAttribute":null,"Payload":{"QuestionText":"Berapa <b>kerapkah anda memakan biskut<\/b>?","DefaultChoices":false,"DataExportTag":"Q24","QuestionType":"MC","Selector":"SAVR","SubSelector":"TX","Configuration":{"QuestionDescriptionOption":"UseText"},"QuestionDescription":"Berapa kerapkah anda memakan biskut?","Choices":{"16":{"Display":"Lebih dari sehari sekali"},"17":{"Display":"Sehari sekali"},"18":{"Display":"5-6 kali seminggu"},"19":{"Display":"3-4 kali seminggu"},"20":{"Display":"1-2 kali seminggu"},"21":{"Display":"2-3 kali sebulan"},"22":{"Display":"Sebulan sekali"},"23":{"Display":"Kurang dari sebulan sekali"},"24":{"Display":"Tidak pasti"}},"DisplayLogic":{"0":{"0":{"LogicType":"Question","QuestionID":"QID231","QuestionIsInLoop":"no","ChoiceLocator":"q:\/\/QID231\/SelectableChoice\/13","Operator":"Selected","QuestionIDFromLocator":"QID231","LeftOperand":"q:\/\/QID231\/SelectableChoice\/13","Type":"Expression","Description":"<span class=\"ConjDesc\">If<\/span> <span class=\"QuestionDesc\">Apakah jenis makanan yang anda ambil dalam masa 3 bulan yang lepas? (Sila pilih semua jawapan yan...<\/span> <span class=\"LeftOpDesc\">Biskut<\/span> <span class=\"OpDesc\">Is Selected<\/span> "},"Type":"If"},"Type":"BooleanExpression","inPage":false},"ChoiceOrder":["16","17","18","19","20","21","22","23","24"],"Validation":{"Settings":{"ForceResponse":"ON","ForceResponseType":"ON","Type":"None"}},"RecodeValues":{"16":"1","17":"2","18":"3","19":"4","20":"5","21":"6","22":"7","23":"8","24":"99"},"GradingData":[],"Language":[],"QuestionID":"QID234","QuestionText_Unsafe":"Berapa <b>kerapkah anda memakan biskut<\/b>?","VariableNaming":{"16":"More than once a day","17":"Once a day","18":"5-6 times per week","19":"3-4 times per week","20":"1-2 times per week","21":"2-3 times a month","22":"Once a month","23":"Less than once a month","24":"Don\u2019t know"}}},{"SurveyID":"SV_6g82lCrBKwNOALj","Element":"SQ","PrimaryAttribute":"QID210","SecondaryAttribute":"Berapa kerapkah anda mengambil 3-dalam-1 campuran kopi?","TertiaryAttribute":null,"Payload":{"QuestionText":"<p>Berapa kerapkah anda mengambil<b> 3-dalam-1 campuran kopi<\/b>?<\/p>","QuestionType":"MC","Selector":"SAVR","SubSelector":"TX","Configuration":{"QuestionDescriptionOption":"UseText"},"QuestionDescription":"Berapa kerapkah anda mengambil 3-dalam-1 campuran kopi?","Choices":{"6":{"Display":"Lebih daripada sekali sehari"},"9":{"Display":"Sekali sehari"},"12":{"Display":"5-6 kali seminggu"},"15":{"Display":"3-4 kali seminggu"},"18":{"Display":"1-2 kali seminggu"},"21":{"Display":"2-3 kali sebulan"},"24":{"Display":"Sebulan sekali"},"27":{"Display":"Kurang daripada sebulan sekali"},"30":{"Display":"Tidak tahu"}},"ChoiceOrder":["6","9","12","15","18","21","24","27","30"],"Validation":{"Settings":{"ForceResponse":"ON","ForceResponseType":"ON","Type":"None"}},"Language":[],"QuestionText_Unsafe":"<p>Berapa kerapkah anda mengambil<b> 3-dalam-1 campuran kopi<\/b>?<\/p>","DataExportTag":"Q20","QuestionID":"QID210","RecodeValues":{"6":"1","9":"2","12":"3","15":"4","18":"5","21":"6","24":"7","27":"8","30":"99"},"DisplayLogic":{"0":{"0":{"LogicType":"Question","QuestionID":"QID209","QuestionIsInLoop":"no","ChoiceLocator":"q:\/\/QID209\/SelectableChoice\/15","Operator":"Selected","QuestionIDFromLocator":"QID209","LeftOperand":"q:\/\/QID209\/SelectableChoice\/15","Type":"Expression","Description":"<span class=\"ConjDesc\">If<\/span> <span class=\"QuestionDesc\">Jenis minuman yang manakah anda pernah minum dalam 7 hari yang lepas? (Sila pilih semua jawapan y...<\/span> <span class=\"LeftOpDesc\">Kopi pracampur 3 dalam 1<\/span> <span class=\"OpDesc\">Is Selected<\/span> "},"Type":"If"},"Type":"BooleanExpression","inPage":false},"VariableNaming":{"6":"More than once a day","9":"Once a day","12":"5-6 times per week","15":"3-4 times per week","18":"1-2 times per week","21":"2-3 times a month","24":"Once a month","27":"Less than once a month","30":"Don\u2019t know"}}},{"SurveyID":"SV_6g82lCrBKwNOALj","Element":"CJ","PrimaryAttribute":"CJ_9M16DlzaSWFFW05","SecondaryAttribute":"Conjoint","TertiaryAttribute":null,"Payload":{"Type":"SelfExplicated","Description":"Conjoint","DisplayOption":"Importance","DataExportTag":"CJ1","QuestionType":"Conjoint","T_FeatureElemenation":"Is ANY FEATURE LEVEL SO UNACCEPTABLE that ALL OPTIONS CONTAINING THAT LEVEL WOULD BE REJECTED, NO MATTER HOW ATTRACTIVE THE OPTION ON ALL OTHER FEATURES? In other words, with this feature level present, the option just doesn't work for you... and would NEVER, EVER, EVER be considered. It would be better for you to go totally without this product or service than have one with this feature level.","T_MostandLeastPreferred":"Please select your most preferred and least preferred for each set shown below:","T_PreferenceMostandLeast":"Considering the concepts you've just seen, please indicate your preference for the following:","T_ImportancesConstSum":"In the previous questions, you rated the following as your most preferred. Please allocate 100 percentage points showing the relative importance of each:","T_UpgradeConstSum":"Assume you are upgrading...please allocate 100 percentage points showing the relative importance of each upgrade:","DisplayOneAtATime":false,"Features":[],"ID":"CJ_9M16DlzaSWFFW05"}},{"SurveyID":"SV_6g82lCrBKwNOALj","Element":"CJ","PrimaryAttribute":"CJ_emnpdkugksGmuvb","SecondaryAttribute":"Conjoint","TertiaryAttribute":null,"Payload":{"Type":"SelfExplicated","Description":"Conjoint","DisplayOption":"Importance","DataExportTag":"CJ1","QuestionType":"Conjoint","T_FeatureElemenation":"Is ANY FEATURE LEVEL SO UNACCEPTABLE that ALL OPTIONS CONTAINING THAT LEVEL WOULD BE REJECTED, NO MATTER HOW ATTRACTIVE THE OPTION ON ALL OTHER FEATURES? In other words, with this feature level present, the option just doesn't work for you... and would NEVER, EVER, EVER be considered. It would be better for you to go totally without this product or service than have one with this feature level.","T_MostandLeastPreferred":"Please select your most preferred and least preferred for each set shown below:","T_PreferenceMostandLeast":"Considering the concepts you've just seen, please indicate your preference for the following:","T_ImportancesConstSum":"In the previous questions, you rated the following as your most preferred. Please allocate 100 percentage points showing the relative importance of each:","T_UpgradeConstSum":"Assume you are upgrading...please allocate 100 percentage points showing the relative importance of each upgrade:","DisplayOneAtATime":false,"Features":[],"ID":"CJ_emnpdkugksGmuvb"}},{"SurveyID":"SV_6g82lCrBKwNOALj","Element":"RS","PrimaryAttribute":"RS_3IzphdwWY93kFTv","SecondaryAttribute":"Default Response Set","TertiaryAttribute":null,"Payload":null},{"SurveyID":"SV_6g82lCrBKwNOALj","Element":"SQ","PrimaryAttribute":"QID202","SecondaryAttribute":"Do you or any of your close friends or relatives work in any of the following industries?\u00a0 (Choos..","TertiaryAttribute":null,"Payload":{"QuestionText":"Do <b>you or any of your close friends or relatives work in<\/b> any of the <b>following industries<\/b>?&nbsp;<div><i><br><\/i><\/div><div><i>(Choose all relevant options)<\/i><br><\/div>","DataExportTag":"Q2","QuestionType":"MC","Selector":"MAVR","SubSelector":"TX","Configuration":{"QuestionDescriptionOption":"UseText"},"QuestionDescription":"Do you or any of your close friends or relatives work in any of the following industries?\u00a0 (Choos...","Choices":{"11":{"Display":"Mass Media"},"12":{"Display":"Advertising\/PR\/Marketing Consultancy"},"13":{"Display":"Market Research"},"14":{"Display":"None of the above","ExclusiveAnswer":true}},"ChoiceOrder":["11","12","13","14"],"Validation":{"Settings":{"ForceResponse":"ON","ForceResponseType":"ON","Type":"None"}},"AnalyzeChoices":{"3":"on"},"Language":[],"QuestionID":"QID202","DefaultChoices":false,"RecodeValues":{"11":"1","12":"2","13":"3","14":"4"},"GradingData":[],"Randomization":{"Type":"Advanced","Advanced":{"FixedOrder":["{~Randomized~}","{~Randomized~}","{~Randomized~}","14"],"RandomizeAll":["11","12","13"],"RandomSubSet":[],"Undisplayed":[],"TotalRandSubset":0},"EvenPresentation":false,"TotalRandSubset":""},"QuestionText_Unsafe":"Do <b>you or any of your close friends or relatives work in<\/b> any of the <b>following industries<\/b>?&nbsp;<div><i><br><\/i><\/div><div><i>(Choose all relevant options)<\/i><br><\/div>"}},{"SurveyID":"SV_6g82lCrBKwNOALj","Element":"SQ","PrimaryAttribute":"QID218","SecondaryAttribute":"\u8bf7\u5199\u4e0b\u60a8\u6700\u5e38\u559d\u76843\u54081\u6df7\u5408\u5496\u5561\u7684\u724c\u5b50\u3002","TertiaryAttribute":null,"Payload":{"QuestionText":"\u8bf7\u5199\u4e0b\u60a8\u6700\u5e38\u559d\u76843\u54081\u6df7\u5408\u5496\u5561\u7684\u724c\u5b50\u3002","DefaultChoices":false,"DataExportTag":"Q29","QuestionID":"QID218","QuestionType":"TE","Selector":"SL","Configuration":{"QuestionDescriptionOption":"UseText","InputWidth":261,"InputHeight":29},"QuestionDescription":"\u8bf7\u5199\u4e0b\u60a8\u6700\u5e38\u559d\u76843\u54081\u6df7\u5408\u5496\u5561\u7684\u724c\u5b50\u3002","DisplayLogic":{"0":{"0":{"LogicType":"Question","QuestionID":"QID215","QuestionIsInLoop":"no","ChoiceLocator":"q:\/\/QID215\/SelectableChoice\/13","Operator":"Selected","QuestionIDFromLocator":"QID215","LeftOperand":"q:\/\/QID215\/SelectableChoice\/13","Type":"Expression","Description":"<span class=\"ConjDesc\">If<\/span> <span class=\"QuestionDesc\">\u54ea\u4e00\u4e2a3\u54081\u6df7\u5408\u5496\u5561\u7684\u724c\u5b50\u662f\u60a8\u6700\u5e38\u559d\u7684\uff1f<\/span> <span class=\"LeftOpDesc\">\u5176\u4ed6<\/span> <span class=\"OpDesc\">Is Selected<\/span> "},"Type":"If"},"Type":"BooleanExpression","inPage":false},"Validation":{"Settings":{"ForceResponse":"ON","ForceResponseType":"ON","Type":"None"}},"GradingData":[],"Language":[],"QuestionText_Unsafe":"\u8bf7\u5199\u4e0b\u60a8\u6700\u5e38\u559d\u76843\u54081\u6df7\u5408\u5496\u5561\u7684\u724c\u5b50\u3002"}},{"SurveyID":"SV_6g82lCrBKwNOALj","Element":"SQ","PrimaryAttribute":"QID212","SecondaryAttribute":"\u8bf7\u95ee\u4ee5\u4e0b\u54ea\u4e00\u4e2a\u7c7b\u578b\u7684\u996e\u54c1\u662f\u60a8\u4ece\u6765\u4e0d\u4f1a\u8003\u8651\u8d2d\u4e70\u7ed9\u60a8\u672c\u8eab\u6216\u5bb6\u4eba\u7684\u5462? (\u53ef","TertiaryAttribute":null,"Payload":{"QuestionText":"<p>\u8bf7\u95ee\u4ee5\u4e0b\u54ea\u4e00\u4e2a\u7c7b\u578b\u7684\u996e\u54c1\u662f\u60a8<strong>\u4ece\u6765\u4e0d\u4f1a<\/strong>\u8003\u8651\u8d2d\u4e70\u7ed9\u60a8\u672c\u8eab\u6216\u5bb6\u4eba\u7684\u5462?<\/p><p><br><\/p><p><em>(\u53ef\u9009\u62e9\u591a\u8fc7\u4e00\u79cd)<\/em><\/p>","QuestionType":"MC","Selector":"MACOL","SubSelector":"TX","Configuration":{"QuestionDescriptionOption":"UseText","NumColumns":2},"QuestionDescription":"\u8bf7\u95ee\u4ee5\u4e0b\u54ea\u4e00\u4e2a\u7c7b\u578b\u7684\u996e\u54c1\u662f\u60a8\u4ece\u6765\u4e0d\u4f1a\u8003\u8651\u8d2d\u4e70\u7ed9\u60a8\u672c\u8eab\u6216\u5bb6\u4eba\u7684\u5462? (\u53ef\u9009\u62e9\u591a\u8fc7\u4e00\u79cd)...","Choices":{"5":{"Display":"\u82f1\u56fd\/\u9521\u5170\u8336"},"8":{"Display":"\u9752\u8336\/\u7eff\u8336"},"11":{"Display":"\u5065\u5eb7\u98df\u7269\u996e\u54c1 \/ \u6709\u8425\u517b\u996e\u54c1"},"14":{"Display":"3\u54081\u6df7\u5408\u5496\u5561"},"17":{"Display":"\u6eb6\u5496\u5561"},"20":{"Display":"\u8c37\u7c7b\u996e\u54c1"},"23":{"Display":"\u9ea6\u7247"},"26":{"Display":"\u725b\u5976"},"29":{"Display":"\u6c7d\u6c34"},"32":{"Display":"\u679c\u6c41"},"35":{"Display":"\u4ee5\u4e0a\u7686\u65e0","ExclusiveAnswer":true}},"ChoiceOrder":["5","8","11","14","17","20","23","26","29","32","35"],"Validation":{"Settings":{"ForceResponse":"ON","ForceResponseType":"ON","Type":"None"}},"Language":[],"QuestionText_Unsafe":"<p>\u8bf7\u95ee\u4ee5\u4e0b\u54ea\u4e00\u4e2a\u7c7b\u578b\u7684\u996e\u54c1\u662f\u60a8<strong>\u4ece\u6765\u4e0d\u4f1a<\/strong>\u8003\u8651\u8d2d\u4e70\u7ed9\u60a8\u672c\u8eab\u6216\u5bb6\u4eba\u7684\u5462?<\/p><p><br><\/p><p><em>(\u53ef\u9009\u62e9\u591a\u8fc7\u4e00\u79cd)<\/em><\/p>","DataExportTag":"Q25","QuestionID":"QID212","RecodeValues":{"5":"1","8":"2","11":"3","14":"4","17":"5","20":"6","23":"7","26":"8","29":"9","32":"10","35":"99"},"Randomization":{"Type":"Advanced","Advanced":{"FixedOrder":["{~Randomized~}","{~Randomized~}","{~Randomized~}","{~Randomized~}","{~Randomized~}","{~Randomized~}","{~Randomized~}","{~Randomized~}","{~Randomized~}","{~Randomized~}","35"],"RandomizeAll":["5","8","11","14","17","20","23","26","29","32"],"RandomSubSet":[],"Undisplayed":[],"TotalRandSubset":0},"EvenPresentation":false,"TotalRandSubset":""},"VariableNaming":{"5":"English\/Ceylon Tea","8":"Green Tea","11":"Health Food Drinks\/Fortified Drinks","14":"3-in-1 Coffee Mixes","17":"Instant Coffee","20":"Cereal Drink","23":"Oats","26":"Milk","29":"Carbonated Soft Drinks","32":"Fruit Juice","35":"None of the above"}}},{"SurveyID":"SV_6g82lCrBKwNOALj","Element":"SQ","PrimaryAttribute":"QID206","SecondaryAttribute":"How often do you personally consume 3-in-1 coffee mixes?","TertiaryAttribute":null,"Payload":{"QuestionText":"<p>How often do you personally consume<b> 3-in-1 coffee mixes<\/b>?<\/p>","DataExportTag":"Q13","QuestionType":"MC","Selector":"SAVR","SubSelector":"TX","Configuration":{"QuestionDescriptionOption":"UseText"},"QuestionDescription":"How often do you personally consume 3-in-1 coffee mixes?","Choices":{"4":{"Display":"More than once a day"},"7":{"Display":"Once a day"},"10":{"Display":"5-6 times per week"},"13":{"Display":"3-4 times per week"},"16":{"Display":"1-2 times per week"},"19":{"Display":"2-3 times a month"},"22":{"Display":"Once a month"},"25":{"Display":"Less than once a month"},"28":{"Display":"Don\u2019t know"}},"ChoiceOrder":["4","7","10","13","16","19","22","25","28"],"Validation":{"Settings":{"ForceResponse":"ON","ForceResponseType":"ON","Type":"None"}},"Language":[],"QuestionID":"QID206","RecodeValues":{"4":"1","7":"2","10":"3","13":"4","16":"5","19":"6","22":"7","25":"8","28":"99"},"QuestionText_Unsafe":"<p>How often do you personally consume<b> 3-in-1 coffee mixes<\/b>?<\/p>","DisplayLogic":{"0":{"0":{"LogicType":"Question","QuestionID":"QID205","QuestionIsInLoop":"no","ChoiceLocator":"q:\/\/QID205\/SelectableChoice\/13","Operator":"Selected","QuestionIDFromLocator":"QID205","LeftOperand":"q:\/\/QID205\/SelectableChoice\/13","Type":"Expression","Description":"<span class=\"ConjDesc\">If<\/span> <span class=\"QuestionDesc\">Which types of beverage you have consumed in the past 7 days?&amp;nbsp;(Choose all relevant options)<\/span> <span class=\"LeftOpDesc\">3-in-1 Coffee Mixes<\/span> <span class=\"OpDesc\">Is Selected<\/span> "},"Type":"If"},"Type":"BooleanExpression","inPage":false}}},{"SurveyID":"SV_6g82lCrBKwNOALj","Element":"SQ","PrimaryAttribute":"QID230","SecondaryAttribute":"How often do you\u00a0eat biscuits?","TertiaryAttribute":null,"Payload":{"QuestionText":"How <b>often <\/b>do <b>you&nbsp;eat biscuits<\/b>?","DefaultChoices":false,"DataExportTag":"Q17","QuestionType":"MC","Selector":"SAVR","SubSelector":"TX","Configuration":{"QuestionDescriptionOption":"UseText"},"QuestionDescription":"How often do you\u00a0eat biscuits?","Choices":{"16":{"Display":"More than once a day"},"17":{"Display":"Once a day"},"18":{"Display":"5-6 times per week"},"19":{"Display":"3-4 times per week"},"20":{"Display":"1-2 times per week"},"21":{"Display":"2-3 times a month"},"22":{"Display":"Once a month"},"23":{"Display":"Less than once a month"},"24":{"Display":"Don\u2019t know"}},"DisplayLogic":{"0":{"0":{"LogicType":"Question","QuestionID":"QID220","QuestionIsInLoop":"no","ChoiceLocator":"q:\/\/QID220\/SelectableChoice\/13","Operator":"Selected","QuestionIDFromLocator":"QID220","LeftOperand":"q:\/\/QID220\/SelectableChoice\/13","Type":"Expression","Description":"<span class=\"ConjDesc\">If<\/span> <span class=\"QuestionDesc\">What type of&amp;nbsp;food do you eat in the past 3 months?(Choose all relevant options)<\/span> <span class=\"LeftOpDesc\">Biscuits<\/span> <span class=\"OpDesc\">Is Selected<\/span> "},"Type":"If"},"Type":"BooleanExpression","inPage":false},"ChoiceOrder":["16","17","18","19","20","21","22","23","24"],"Validation":{"Settings":{"ForceResponse":"ON","ForceResponseType":"ON","Type":"None"}},"RecodeValues":{"16":"1","17":"2","18":"3","19":"4","20":"5","21":"6","22":"7","23":"8","24":"99"},"GradingData":[],"Language":[],"QuestionID":"QID230","QuestionText_Unsafe":"How <b>often <\/b>do <b>you&nbsp;eat biscuits<\/b>?"}},{"SurveyID":"SV_6g82lCrBKwNOALj","Element":"SQ","PrimaryAttribute":"QID223","SecondaryAttribute":"I am a:","TertiaryAttribute":null,"Payload":{"QuestionText":"I am a:","DataExportTag":"Q3","QuestionType":"MC","Selector":"SAHR","SubSelector":"TX","Configuration":{"QuestionDescriptionOption":"UseText","LabelPosition":"BELOW"},"QuestionDescription":"I am a:","Choices":{"1":{"Display":"<img src=\"https:\/\/monash.az1.qualtrics.com\/CP\/Graphic.php?IM=IM_bgfRNAqOjGC81k9\" style=\"width: 64px; height: 64px;\" \/><br \/>\nMale"},"2":{"Display":"<img src=\"https:\/\/monash.az1.qualtrics.com\/CP\/Graphic.php?IM=IM_06QS4YD0GyMDnSd\" style=\"width: 64px; height: 64px;\" \/><br \/>\nFemale"}},"ChoiceOrder":["1","2"],"Validation":{"Settings":{"ForceResponse":"ON","ForceResponseType":"ON","Type":"None"}},"Language":[],"QuestionID":"QID223","QuestionText_Unsafe":"I am a:"}},{"SurveyID":"SV_6g82lCrBKwNOALj","Element":"SQ","PrimaryAttribute":"QID209","SecondaryAttribute":"Jenis minuman yang manakah anda pernah minum dalam 7 hari yang lepas? (Sila pilih semua jawapan y...","TertiaryAttribute":null,"Payload":{"QuestionText":"<p>Jenis minuman yang manakah anda pernah <b>minum dalam 7 hari yang lepas<\/b>?<\/p><p><br><\/p><p><em>(Sila pilih semua jawapan yang berkenaan)<\/em><\/p>","QuestionType":"MC","Selector":"MACOL","SubSelector":"TX","Configuration":{"QuestionDescriptionOption":"UseText","NumColumns":2},"QuestionDescription":"Jenis minuman yang manakah anda pernah minum dalam 7 hari yang lepas? (Sila pilih semua jawapan y...","Choices":{"6":{"Display":"Teh Inggeris \/Ceylon"},"9":{"Display":"Teh Hijau"},"12":{"Display":"Minuman berkhasiat \/Minuman diperkuat"},"15":{"Display":"Kopi pracampur 3 dalam 1"},"18":{"Display":"Kopi segera"},"21":{"Display":"Minuman Bijirin"},"24":{"Display":"Oat"},"27":{"Display":"Susu"},"30":{"Display":"Minuman Ringan Bergas"},"33":{"Display":"Jus buah-buahan"},"36":{"Display":"Tiada satu di atas","ExclusiveAnswer":true}},"ChoiceOrder":["6","9","12","15","18","21","24","27","30","33","36"],"Validation":{"Settings":{"ForceResponse":"ON","ForceResponseType":"ON","Type":"None"}},"Language":[],"QuestionText_Unsafe":"<p>Jenis minuman yang manakah anda pernah <b>minum dalam 7 hari yang lepas<\/b>?<\/p><p><br><\/p><p><em>(Sila pilih semua jawapan yang berkenaan)<\/em><\/p>","DataExportTag":"Q19","QuestionID":"QID209","RecodeValues":{"6":"1","9":"2","12":"3","15":"4","18":"5","21":"6","24":"7","27":"8","30":"9","33":"10","36":"99"},"Randomization":{"Type":"Advanced","Advanced":{"FixedOrder":["{~Randomized~}","{~Randomized~}","{~Randomized~}","{~Randomized~}","{~Randomized~}","{~Randomized~}","{~Randomized~}","{~Randomized~}","{~Randomized~}","{~Randomized~}","36"],"RandomizeAll":["6","9","12","15","18","21","24","27","30","33"],"RandomSubSet":[],"Undisplayed":[],"TotalRandSubset":0},"EvenPresentation":false,"TotalRandSubset":""},"DisplayLogic":{"0":{"0":{"LogicType":"Question","QuestionID":"QID203","QuestionIsInLoop":"no","ChoiceLocator":"q:\/\/QID203\/SelectableChoice\/1","Operator":"Selected","QuestionIDFromLocator":"QID203","LeftOperand":"q:\/\/QID203\/SelectableChoice\/1","Type":"Expression","Description":"<span class=\"ConjDesc\">If<\/span> <span class=\"QuestionDesc\">What is your preferred language when answering this survey?<\/span> <span class=\"LeftOpDesc\">Malay<\/span> <span class=\"OpDesc\">Is Selected<\/span> "},"1":{"LogicType":"Question","QuestionID":"QID208","QuestionIsInLoop":"no","ChoiceLocator":"q:\/\/QID208\/SelectableChoice\/15","Operator":"NotSelected","QuestionIDFromLocator":"QID208","LeftOperand":"q:\/\/QID208\/SelectableChoice\/15","Type":"Expression","Description":"<span class=\"ConjDesc\">And<\/span> <span class=\"QuestionDesc\">Manakah di antara kategori minuman-minuman berikut yang anda tidak akan beli untuk anda sendiri a...<\/span> <span class=\"LeftOpDesc\">Kopi pracampur 3 dalam 1<\/span> <span class=\"OpDesc\">Is Not Selected<\/span> ","Conjuction":"And"},"Type":"If"},"Type":"BooleanExpression","inPage":false},"VariableNaming":{"6":"English\/Ceylon Tea","9":"Green Tea","12":"Health Food Drinks\/Fortified Drinks","15":"3-in-1 Coffee Mixes","18":"Instant Coffee","21":"Cereal Drink","24":"Oats","27":"Milk","30":"Carbonated Soft Drinks","33":"Fruit Juice","36":"None of the above"}}},{"SurveyID":"SV_6g82lCrBKwNOALj","Element":"SQ","PrimaryAttribute":"QID208","SecondaryAttribute":"Manakah di antara kategori minuman-minuman berikut yang anda tidak akan beli untuk anda sendiri a...","TertiaryAttribute":null,"Payload":{"QuestionText":"<p>Manakah di antara kategori minuman-minuman berikut yang anda <b>tidak akan <\/b>beli untuk anda sendiri atau isi rumah anda?<\/p>\n\n<p>&nbsp;<\/p>\n\n<p><i>(Sila pilih semua jawapan yang berkenaan)<\/i><\/p>","QuestionType":"MC","Selector":"MACOL","SubSelector":"TX","Configuration":{"QuestionDescriptionOption":"UseText","NumColumns":2},"QuestionDescription":"Manakah di antara kategori minuman-minuman berikut yang anda tidak akan beli untuk anda sendiri a...","Choices":{"6":{"Display":"Teh Inggeris \/Ceylon"},"9":{"Display":"Teh Hijau"},"12":{"Display":"Minuman berkhasiat \/Minuman diperkuat"},"15":{"Display":"Kopi pracampur 3 dalam 1"},"18":{"Display":"Kopi segera"},"21":{"Display":"Minuman Bijirin"},"24":{"Display":"Oat"},"27":{"Display":"Susu"},"30":{"Display":"Minuman Ringan Bergas"},"33":{"Display":"Jus buah-buahan"},"36":{"Display":"Tiada satu di atas","ExclusiveAnswer":true}},"ChoiceOrder":["6","9","12","15","18","21","24","27","30","33","36"],"Validation":{"Settings":{"ForceResponse":"ON","ForceResponseType":"ON","Type":"None"}},"Language":[],"QuestionText_Unsafe":"<p>Manakah di antara kategori minuman-minuman berikut yang anda <b>tidak akan <\/b>beli untuk anda sendiri atau isi rumah anda?<\/p>\n\n<p>&nbsp;<\/p>\n\n<p><i>(Sila pilih semua jawapan yang berkenaan)<\/i><\/p>","DataExportTag":"Q18","QuestionID":"QID208","RecodeValues":{"6":"1","9":"2","12":"3","15":"4","18":"5","21":"6","24":"7","27":"8","30":"9","33":"10","36":"99"},"Randomization":{"Type":"Advanced","Advanced":{"FixedOrder":["{~Randomized~}","{~Randomized~}","{~Randomized~}","{~Randomized~}","{~Randomized~}","{~Randomized~}","{~Randomized~}","{~Randomized~}","{~Randomized~}","{~Randomized~}","36"],"RandomizeAll":["6","9","12","15","18","21","24","27","30","33"],"RandomSubSet":[],"Undisplayed":[],"TotalRandSubset":0},"EvenPresentation":false,"TotalRandSubset":""},"VariableNaming":{"6":"English\/Ceylon Tea","9":"Green Tea","12":"Health Food Drinks\/Fortified Drinks ","15":"3-in-1 Coffee Mixes","18":"Instant Coffee","21":"Cereal Drink","24":"Oats","27":"Milk","30":"Carbonated Soft Drinks","33":"Fruit Juice","36":"None of the above"}}},{"SurveyID":"SV_6g82lCrBKwNOALj","Element":"SQ","PrimaryAttribute":"QID221","SecondaryAttribute":"Please specify the other food you eat.","TertiaryAttribute":null,"Payload":{"QuestionText":"Please <b>specify <\/b>the <b>other food you eat<\/b>.","DefaultChoices":false,"DataExportTag":"Q10","QuestionType":"TE","Selector":"ML","Configuration":{"QuestionDescriptionOption":"UseText","InputWidth":263,"InputHeight":59},"QuestionDescription":"Please specify the other food you eat.","Validation":{"Settings":{"ForceResponse":"ON","ForceResponseType":"ON","Type":"None"}},"GradingData":[],"Language":[],"QuestionID":"QID221","DisplayLogic":{"0":{"0":{"LogicType":"Question","QuestionID":"QID220","QuestionIsInLoop":"no","ChoiceLocator":"q:\/\/QID220\/SelectableChoice\/19","Operator":"Selected","QuestionIDFromLocator":"QID220","LeftOperand":"q:\/\/QID220\/SelectableChoice\/19","Type":"Expression","Description":"<span class=\"ConjDesc\">If<\/span> <span class=\"QuestionDesc\">What type of&amp;nbsp;food do you eat in the past 3 months?(Choose all relevant options)<\/span> <span class=\"LeftOpDesc\">Others<\/span> <span class=\"OpDesc\">Is Selected<\/span> "},"Type":"If"},"Type":"BooleanExpression","inPage":false},"QuestionText_Unsafe":"Please <b>specify <\/b>the <b>other food you eat<\/b>."}},{"SurveyID":"SV_6g82lCrBKwNOALj","Element":"SQ","PrimaryAttribute":"QID236","SecondaryAttribute":"Please specify the other food you eat.","TertiaryAttribute":null,"Payload":{"QuestionText":"Please <b>specify <\/b>the <b>other food you eat<\/b>.","DefaultChoices":false,"DataExportTag":"Q28","QuestionType":"TE","Selector":"ML","Configuration":{"QuestionDescriptionOption":"UseText","InputWidth":263,"InputHeight":59},"QuestionDescription":"Please specify the other food you eat.","DisplayLogic":{"0":{"0":{"LogicType":"Question","QuestionID":"QID235","QuestionIsInLoop":"no","ChoiceLocator":"q:\/\/QID235\/SelectableChoice\/19","Operator":"Selected","QuestionIDFromLocator":"QID235","LeftOperand":"q:\/\/QID235\/SelectableChoice\/19","Type":"Expression","Description":"<span class=\"ConjDesc\">If<\/span> <span class=\"QuestionDesc\">\u4ee5\u4e0b\u54ea\u4e2a\u98df\u54c1\u7684\u79cd\u7c7b\u662f\u60a8\u5728\u8fd9\u4e09\u4e2a\u6708\u5185\u6709\u5403\u8fc7\u7684\uff1f (\u53ef\u9009\u62e9\u591a\u8fc7\u4e00\u79cd)<\/span> <span class=\"LeftOpDesc\">\u5176\u4ed6<\/span> <span class=\"OpDesc\">Is Selected<\/span> "},"Type":"If"},"Type":"BooleanExpression","inPage":false},"Validation":{"Settings":{"ForceResponse":"ON","ForceResponseType":"ON","Type":"None"}},"GradingData":[],"Language":[],"QuestionID":"QID236","QuestionText_Unsafe":"Please <b>specify <\/b>the <b>other food you eat<\/b>."}},{"SurveyID":"SV_6g82lCrBKwNOALj","Element":"SQ","PrimaryAttribute":"QID225","SecondaryAttribute":"Please specify your race.","TertiaryAttribute":null,"Payload":{"QuestionText":"Please specify your race.","DefaultChoices":false,"DataExportTag":"Q5","QuestionType":"TE","Selector":"SL","Configuration":{"QuestionDescriptionOption":"UseText","InputWidth":166,"InputHeight":29},"QuestionDescription":"Please specify your race.","DisplayLogic":{"0":{"0":{"LogicType":"Question","QuestionID":"QID224","QuestionIsInLoop":"no","ChoiceLocator":"q:\/\/QID224\/SelectableChoice\/8","Operator":"Selected","QuestionIDFromLocator":"QID224","LeftOperand":"q:\/\/QID224\/SelectableChoice\/8","Type":"Expression","Description":"<span class=\"ConjDesc\">If<\/span> <span class=\"QuestionDesc\">What is your race?<\/span> <span class=\"LeftOpDesc\">Others<\/span> <span class=\"OpDesc\">Is Selected<\/span> "},"Type":"If"},"Type":"BooleanExpression","inPage":false},"Validation":{"Settings":{"ForceResponse":"ON","ForceResponseType":"ON","Type":"None"}},"GradingData":[],"Language":[],"QuestionID":"QID225","QuestionText_Unsafe":"Please specify your race."}},{"SurveyID":"SV_6g82lCrBKwNOALj","Element":"SQ","PrimaryAttribute":"QID216","SecondaryAttribute":"Please tell us the brand of 3-in-1 coffee mixes\u00a0that you\u00a0CONSUME MOST OFTEN.","TertiaryAttribute":null,"Payload":{"QuestionText":"Please tell us the <strong>brand of 3-in-1 coffee mixes<\/strong>&nbsp;that you&nbsp;<strong>CONSUME MOST OFTEN<\/strong>.","DefaultChoices":false,"DataExportTag":"Q15","QuestionID":"QID216","QuestionType":"TE","Selector":"SL","Configuration":{"QuestionDescriptionOption":"UseText","InputWidth":245,"InputHeight":29},"QuestionDescription":"Please tell us the brand of 3-in-1 coffee mixes\u00a0that you\u00a0CONSUME MOST OFTEN.","DisplayLogic":{"0":{"0":{"LogicType":"Question","QuestionID":"QID207","QuestionIsInLoop":"no","ChoiceLocator":"q:\/\/QID207\/SelectableChoice\/13","Operator":"Selected","QuestionIDFromLocator":"QID207","LeftOperand":"q:\/\/QID207\/SelectableChoice\/13","Type":"Expression","Description":"<span class=\"ConjDesc\">If<\/span> <span class=\"QuestionDesc\">Which brand of 3-in-1 coffee mixes that you CONSUME MOST OFTEN?<\/span> <span class=\"LeftOpDesc\">Others<\/span> <span class=\"OpDesc\">Is Selected<\/span> "},"Type":"If"},"Type":"BooleanExpression","inPage":false},"Validation":{"Settings":{"ForceResponse":"ON","ForceResponseType":"ON","Type":"None"}},"GradingData":[],"Language":[],"QuestionText_Unsafe":"Please tell us the <strong>brand of 3-in-1 coffee mixes<\/strong>&nbsp;that you&nbsp;<strong>CONSUME MOST OFTEN<\/strong>."}},{"SurveyID":"SV_6g82lCrBKwNOALj","Element":"SQ","PrimaryAttribute":"QID232","SecondaryAttribute":"Sila nyatakan makanan lain yang anda makan.","TertiaryAttribute":null,"Payload":{"QuestionText":"Sila <b>nyatakan makanan lain <\/b>yang <b>anda<\/b> <b>makan<\/b>.","DefaultChoices":false,"DataExportTag":"Q19","QuestionType":"TE","Selector":"ML","Configuration":{"QuestionDescriptionOption":"UseText","InputWidth":263,"InputHeight":59},"QuestionDescription":"Sila nyatakan makanan lain yang anda makan.","DisplayLogic":{"0":{"0":{"LogicType":"Question","QuestionID":"QID231","QuestionIsInLoop":"no","ChoiceLocator":"q:\/\/QID231\/SelectableChoice\/19","Operator":"Selected","QuestionIDFromLocator":"QID231","LeftOperand":"q:\/\/QID231\/SelectableChoice\/19","Type":"Expression","Description":"<span class=\"ConjDesc\">If<\/span> <span class=\"QuestionDesc\">Apakah jenis makanan yang anda ambil dalam masa 3 bulan yang lepas? (Sila pilih semua jawapan yan...<\/span> <span class=\"LeftOpDesc\">Lain-lain<\/span> <span class=\"OpDesc\">Is Selected<\/span> "},"Type":"If"},"Type":"BooleanExpression","inPage":false},"Validation":{"Settings":{"ForceResponse":"ON","ForceResponseType":"ON","Type":"None"}},"GradingData":[],"Language":[],"QuestionID":"QID232","QuestionText_Unsafe":"Sila <b>nyatakan makanan lain <\/b>yang <b>anda<\/b> <b>makan<\/b>."}},{"SurveyID":"SV_6g82lCrBKwNOALj","Element":"SQ","PrimaryAttribute":"QID217","SecondaryAttribute":"Sila nyatakan satu\u00a0jenama 3-dalam-1 campuran kopi\u00a0yang\u00a0anda PALING KERAP MINUM.","TertiaryAttribute":null,"Payload":{"QuestionText":"Sila nyatakan <b>satu&nbsp;<\/b><strong>jenama 3-dalam-1 campuran kopi<\/strong>&nbsp;yang&nbsp;<strong>anda PALING KERAP MINUM.<\/strong>","DefaultChoices":false,"DataExportTag":"Q22","QuestionID":"QID217","QuestionType":"TE","Selector":"SL","Configuration":{"QuestionDescriptionOption":"UseText","InputWidth":245,"InputHeight":29},"QuestionDescription":"Sila nyatakan satu\u00a0jenama 3-dalam-1 campuran kopi\u00a0yang\u00a0anda PALING KERAP MINUM.","DisplayLogic":{"0":{"0":{"LogicType":"Question","QuestionID":"QID211","QuestionIsInLoop":"no","ChoiceLocator":"q:\/\/QID211\/SelectableChoice\/13","Operator":"Selected","QuestionIDFromLocator":"QID211","LeftOperand":"q:\/\/QID211\/SelectableChoice\/13","Type":"Expression","Description":"<span class=\"ConjDesc\">If<\/span> <span class=\"QuestionDesc\">Apakah jenama 3-dalam-1 campuran kopi yang anda PALING KERAP MINUM?<\/span> <span class=\"LeftOpDesc\">Lain-lain<\/span> <span class=\"OpDesc\">Is Selected<\/span> "},"Type":"If"},"Type":"BooleanExpression","inPage":false},"Validation":{"Settings":{"ForceResponse":"ON","ForceResponseType":"ON","Type":"None"}},"GradingData":[],"Language":[],"QuestionText_Unsafe":"Sila nyatakan <b>satu&nbsp;<\/b><strong>jenama 3-dalam-1 campuran kopi<\/strong>&nbsp;yang&nbsp;<strong>anda PALING KERAP MINUM.<\/strong>"}},{"SurveyID":"SV_6g82lCrBKwNOALj","Element":"SQ","PrimaryAttribute":"QID226","SecondaryAttribute":"What is your age?","TertiaryAttribute":null,"Payload":{"QuestionText":"What is <b>your age<\/b>?","DefaultChoices":false,"DataExportTag":"Q6","QuestionType":"TE","Selector":"SL","Configuration":{"QuestionDescriptionOption":"UseText","InputWidth":112,"InputHeight":29},"QuestionDescription":"What is your age?","Validation":{"Settings":{"ForceResponse":"ON","ForceResponseType":"ON","Type":"ContentType","ContentType":"ValidNumber","ValidDateType":"DateWithFormat","ValidPhoneType":"ValidUSPhone","ValidZipType":"ValidUSZip","ValidNumber":{"Min":"13","Max":"99"}}},"GradingData":[],"Language":[],"QuestionID":"QID226","QuestionText_Unsafe":"What is <b>your age<\/b>?"}},{"SurveyID":"SV_6g82lCrBKwNOALj","Element":"SQ","PrimaryAttribute":"QID229","SecondaryAttribute":"What is your monthly household income?\u00a0 (Household income refers to the sum of the income of ever..","TertiaryAttribute":null,"Payload":{"QuestionText":"What is your <b>monthly household income<\/b>?&nbsp;<div><i><br><\/i><\/div><div><i>(Household income refers to the sum of the income of everyone living in your house.)<\/i><\/div>","DataExportTag":"Q9","QuestionType":"MC","Selector":"DL","Configuration":{"QuestionDescriptionOption":"UseText"},"QuestionDescription":"What is your monthly household income?\u00a0 (Household income refers to the sum of the income of ever...","Choices":{"4":{"Display":"Below RM500"},"5":{"Display":"RM500 - RM999"},"6":{"Display":"RM1,000 - RM1,499"},"7":{"Display":"RM1,500 - RM1,999"},"8":{"Display":"RM2,000 - RM2,499"},"9":{"Display":"RM2,500 - RM2,999"},"10":{"Display":"RM3,000 - RM3,499"},"11":{"Display":"RM3,500 - RM3,999"},"12":{"Display":"RM4,000 - RM4,499"},"13":{"Display":"RM4,500 - RM4,999"},"14":{"Display":"RM5,000 - RM5,999"},"15":{"Display":"RM6,000 - RM6,999"},"16":{"Display":"RM7,000 - RM7,999"},"17":{"Display":"RM8,000 - RM8,999"},"18":{"Display":"RM9,000 - RM9,999"},"19":{"Display":"RM10,000 - RM14,999"},"20":{"Display":"RM15,000 or above"}},"ChoiceOrder":["4","5","6","7","8","9","10","11","12","13","14","15","16","17","18","19","20"],"Validation":{"Settings":{"ForceResponse":"ON","ForceResponseType":"ON","Type":"None"}},"Language":[],"QuestionID":"QID229","QuestionText_Unsafe":"What is your <b>monthly household income<\/b>?&nbsp;<div><i><br><\/i><\/div><div><i>(Household income refers to the sum of the income of everyone living in your house.)<\/i><\/div>"}},{"SurveyID":"SV_6g82lCrBKwNOALj","Element":"SQ","PrimaryAttribute":"QID228","SecondaryAttribute":"What is your monthly personal income?","TertiaryAttribute":null,"Payload":{"QuestionText":"What is your <b>monthly personal income<\/b>?","DataExportTag":"Q8","QuestionType":"MC","Selector":"DL","Configuration":{"QuestionDescriptionOption":"UseText"},"QuestionDescription":"What is your monthly personal income?","Choices":{"4":{"Display":"Below RM500"},"5":{"Display":"RM500 - RM999"},"6":{"Display":"RM1,000 - RM1,499"},"7":{"Display":"RM1,500 - RM1,999"},"8":{"Display":"RM2,000 - RM2,499"},"9":{"Display":"RM2,500 - RM2,999"},"10":{"Display":"RM3,000 - RM3,499"},"11":{"Display":"RM3,500 - RM3,999"},"12":{"Display":"RM4,000 - RM4,499"},"13":{"Display":"RM4,500 - RM4,999"},"14":{"Display":"RM5,000 - RM5,999"},"15":{"Display":"RM6,000 - RM6,999"},"16":{"Display":"RM7,000 - RM7,999"},"17":{"Display":"RM8,000 - RM8,999"},"18":{"Display":"RM9,000 - RM9,999"},"19":{"Display":"RM10,000 - RM14,999"},"20":{"Display":"RM15,000 or above"}},"ChoiceOrder":["4","5","6","7","8","9","10","11","12","13","14","15","16","17","18","19","20"],"Validation":{"Settings":{"ForceResponse":"ON","ForceResponseType":"ON","Type":"None"}},"Language":[],"QuestionID":"QID228","QuestionText_Unsafe":"What is your <b>monthly personal income<\/b>?"}},{"SurveyID":"SV_6g82lCrBKwNOALj","Element":"SQ","PrimaryAttribute":"QID203","SecondaryAttribute":"What is your preferred language when answering this survey?","TertiaryAttribute":null,"Payload":{"QuestionText":"What is your <b>preferred language when answering this survey<\/b>?","DataExportTag":"Q10","QuestionType":"MC","Selector":"SAVR","SubSelector":"TX","Configuration":{"QuestionDescriptionOption":"UseText"},"QuestionDescription":"What is your preferred language when answering this survey?","Choices":{"1":{"Display":"Malay"},"2":{"Display":"English"},"3":{"Display":"Chinese"}},"ChoiceOrder":["1","2","3"],"Validation":{"Settings":{"ForceResponse":"ON","ForceResponseType":"ON","Type":"None"}},"Language":[],"QuestionID":"QID203","Randomization":{"Advanced":null,"Type":"None","TotalRandSubset":""},"QuestionText_Unsafe":"What is your <b>preferred language when answering this survey<\/b>?"}},{"SurveyID":"SV_6g82lCrBKwNOALj","Element":"SQ","PrimaryAttribute":"QID224","SecondaryAttribute":"What is your race?","TertiaryAttribute":null,"Payload":{"QuestionText":"<p>What is your race?<o:p><\/o:p><\/p>","DefaultChoices":false,"DataExportTag":"Q4","QuestionType":"MC","Selector":"SAVR","SubSelector":"TX","Configuration":{"QuestionDescriptionOption":"UseText"},"QuestionDescription":"What is your race?","Choices":{"4":{"Display":"Malay"},"5":{"Display":"Chinese"},"6":{"Display":"Indian"},"7":{"Display":"Bumiputra - Sabah & Sarawak"},"8":{"Display":"Others"}},"ChoiceOrder":["4","5","6","7","8"],"Validation":{"Settings":{"ForceResponse":"ON","ForceResponseType":"ON","Type":"None"}},"GradingData":[],"Language":[],"QuestionID":"QID224","Randomization":{"Type":"None","Advanced":null,"EvenPresentation":false,"TotalRandSubset":""},"QuestionText_Unsafe":"<p>What is your race?<o:p><\/o:p><\/p>"}},{"SurveyID":"SV_6g82lCrBKwNOALj","Element":"SQ","PrimaryAttribute":"QID36","SecondaryAttribute":"What type of food and drinks do you enjoy?\u00a0 Take 1 minute to help us understand the\u00a0type of food..","TertiaryAttribute":null,"Payload":{"QuestionText":"<div style=\"text-align: center;\"><img src=\"https:\/\/monash.az1.qualtrics.com\/CP\/Graphic.php?IM=IM_ezasR7gr0MvZ47X\" style=\"width: 64px; height: 64px;\"><\/div>\n\n<div style=\"text-align: center;\"><strong><br><\/strong><\/div><div style=\"text-align: center;\"><strong>What type of food and drinks do you enjoy?<\/strong><br>\n<em>&nbsp;<\/em><\/div>\n\n<div style=\"text-align: center;\">Take 1 minute to help us understand the&nbsp;type of food and drinks you enjoy.<\/div>\n\n<div style=\"text-align: center;\"><em>&nbsp;<\/em><\/div>\n\n<div><em>&nbsp;<\/em><\/div>","DefaultChoices":false,"DataExportTag":"Q1","QuestionType":"DB","Selector":"TB","Configuration":{"QuestionDescriptionOption":"UseText"},"QuestionDescription":"What type of food and drinks do you enjoy?\u00a0 Take 1 minute to help us understand the\u00a0type of food...","ChoiceOrder":[],"Validation":{"Settings":{"Type":"None"}},"GradingData":[],"Language":[],"QuestionID":"QID36","QuestionText_Unsafe":"<div style=\"text-align: center;\"><img src=\"https:\/\/monash.az1.qualtrics.com\/CP\/Graphic.php?IM=IM_ezasR7gr0MvZ47X\" style=\"width: 64px; height: 64px;\"><\/div>\n\n<div style=\"text-align: center;\"><strong><br><\/strong><\/div><div style=\"text-align: center;\"><strong>What type of food and drinks do you enjoy?<\/strong><br>\n<em>&nbsp;<\/em><\/div>\n\n<div style=\"text-align: center;\">Take 1 minute to help us understand the&nbsp;type of food and drinks you enjoy.<\/div>\n\n<div style=\"text-align: center;\"><em>&nbsp;<\/em><\/div>\n\n<div><em>&nbsp;<\/em><\/div>"}},{"SurveyID":"SV_6g82lCrBKwNOALj","Element":"SQ","PrimaryAttribute":"QID220","SecondaryAttribute":"What type of\u00a0food do you eat in the past 3 months? (Choose all relevant options)","TertiaryAttribute":null,"Payload":{"QuestionText":"What type of<span style=\"font-weight: 700;\">&nbsp;food do you eat in the past 3 months<\/span>?<div><br><\/div><div><em>(Choose all relevant options)<\/em><\/div>","DataExportTag":"Q16","QuestionType":"MC","Selector":"MACOL","SubSelector":"TX","Configuration":{"QuestionDescriptionOption":"UseText","NumColumns":2},"QuestionDescription":"What type of\u00a0food do you eat in the past 3 months? (Choose all relevant options)","Choices":{"12":{"Display":"Chips (e.g Potato chips, Twisties, etc)"},"13":{"Display":"Biscuits"},"14":{"Display":"Chocolate"},"15":{"Display":"Popcorn"},"16":{"Display":"Cakes"},"17":{"Display":"Bread"},"18":{"Display":"Sweets"},"19":{"Display":"Others"}},"ChoiceOrder":["12","13","14","15","16","17","18","19"],"Validation":{"Settings":{"ForceResponse":"ON","ForceResponseType":"ON","Type":"None"}},"Language":[],"QuestionID":"QID220","DefaultChoices":false,"RecodeValues":{"12":"1","13":"2","14":"3","15":"4","16":"5","17":"6","18":"7","19":"8"},"GradingData":[],"Randomization":{"Type":"Advanced","Advanced":{"FixedOrder":["{~Randomized~}","{~Randomized~}","{~Randomized~}","{~Randomized~}","{~Randomized~}","{~Randomized~}","{~Randomized~}","19"],"RandomizeAll":["12","13","14","15","16","17","18"],"RandomSubSet":[],"Undisplayed":[],"TotalRandSubset":0},"EvenPresentation":false,"TotalRandSubset":""},"QuestionText_Unsafe":"What type of<span style=\"font-weight: 700;\">&nbsp;food do you eat in the past 3 months<\/span>?<div><br><\/div><div><em>(Choose all relevant options)<\/em><\/div>"}},{"SurveyID":"SV_6g82lCrBKwNOALj","Element":"SQ","PrimaryAttribute":"QID227","SecondaryAttribute":"Where are you currently staying?","TertiaryAttribute":null,"Payload":{"QuestionText":"Where are <b>you currently staying<\/b>?","DataExportTag":"Q7","QuestionType":"MC","Selector":"DL","Configuration":{"QuestionDescriptionOption":"UseText"},"QuestionDescription":"Where are you currently staying?","Choices":{"4":{"Display":"Perlis - Northern"},"5":{"Display":"Kedah - Northern"},"6":{"Display":"Penang - Northern"},"7":{"Display":"Perak - Northern"},"8":{"Display":"Selangor - Central"},"9":{"Display":"Wilayah Persekutuan - Central"},"10":{"Display":"Melaka - Southern"},"11":{"Display":"Negeri Sembilan - Southern"},"12":{"Display":"Johor - Southern"},"13":{"Display":"Pahang - Eastern"},"14":{"Display":"Terengganu - Eastern"},"15":{"Display":"Kelantan - Eastern"},"16":{"Display":"Sabah - East Malaysia"},"17":{"Display":"Sarawak - East Malaysia"}},"ChoiceOrder":["4","5","6","7","8","9","10","11","12","13","14","15","16","17"],"Validation":{"Settings":{"ForceResponse":"ON","ForceResponseType":"ON","Type":"None"}},"Language":[],"QuestionID":"QID227","QuestionText_Unsafe":"Where are <b>you currently staying<\/b>?"}},{"SurveyID":"SV_6g82lCrBKwNOALj","Element":"SQ","PrimaryAttribute":"QID207","SecondaryAttribute":"Which brand of 3-in-1 coffee mixes that you CONSUME MOST OFTEN?","TertiaryAttribute":null,"Payload":{"QuestionText":"<div>Which brand of 3-in-1 coffee mixes that you<b> CONSUME MOST OFTEN<\/b>?<\/div>","DataExportTag":"Q14","QuestionType":"MC","Selector":"SACOL","SubSelector":"TX","Configuration":{"QuestionDescriptionOption":"UseText","NumColumns":2},"QuestionDescription":"Which brand of 3-in-1 coffee mixes that you CONSUME MOST OFTEN?","Choices":{"4":{"Display":"Nescafe 3-in-1"},"5":{"Display":"Aik Cheong White Coffee Mixes"},"6":{"Display":"Super Coffee Mixes"},"7":{"Display":"Indocafe Coffee Mixes"},"8":{"Display":"Power Root Coffee Mixes  (Ali Caf\u00e9\/Perl Caf\u00e9)"},"9":{"Display":"Kopiko LA Coffee"},"10":{"Display":"Kopiko (Others)"},"11":{"Display":"Ah Huat White Coffee"},"12":{"Display":"Old Town White Coffee"},"13":{"Display":"Others"}},"ChoiceOrder":["4","5","6","7","8","9","10","11","12","13"],"Validation":{"Settings":{"ForceResponse":"ON","ForceResponseType":"ON","Type":"None"}},"Language":[],"QuestionID":"QID207","Randomization":{"Type":"Advanced","Advanced":{"FixedOrder":["{~Randomized~}","{~Randomized~}","{~Randomized~}","{~Randomized~}","{~Randomized~}","{~Randomized~}","{~Randomized~}","{~Randomized~}","{~Randomized~}","13"],"RandomizeAll":["4","5","6","7","8","9","10","11","12"],"RandomSubSet":[],"Undisplayed":[],"TotalRandSubset":0},"EvenPresentation":false,"TotalRandSubset":""},"RecodeValues":{"4":"1","5":"2","6":"3","7":"4","8":"5","9":"6","10":"7","11":"8","12":"9","13":"99"},"QuestionText_Unsafe":"<div>Which brand of 3-in-1 coffee mixes that you<b> CONSUME MOST OFTEN<\/b>?<\/div>","DisplayLogic":{"0":{"0":{"LogicType":"Question","QuestionID":"QID205","QuestionIsInLoop":"no","ChoiceLocator":"q:\/\/QID205\/SelectableChoice\/13","Operator":"Selected","QuestionIDFromLocator":"QID205","LeftOperand":"q:\/\/QID205\/SelectableChoice\/13","Type":"Expression","Description":"<span class=\"ConjDesc\">If<\/span> <span class=\"QuestionDesc\">Which types of beverage you have consumed in the past 7 days?&amp;nbsp;(Choose all relevant options)<\/span> <span class=\"LeftOpDesc\">3-in-1 Coffee Mixes<\/span> <span class=\"OpDesc\">Is Selected<\/span> "},"Type":"If"},"Type":"BooleanExpression","inPage":false}}},{"SurveyID":"SV_6g82lCrBKwNOALj","Element":"SQ","PrimaryAttribute":"QID204","SecondaryAttribute":"Which of the following category of beverages would you NEVER consider purchasing for yourself or...","TertiaryAttribute":null,"Payload":{"QuestionText":"<p>Which of the following category of beverages would you <b>NEVER consider<\/b> purchasing for yourself or your household?&nbsp;<\/p><p><br><\/p><p><i>(Choose all relevant options)<\/i><\/p>","DataExportTag":"Q11","QuestionType":"MC","Selector":"MACOL","SubSelector":"TX","Configuration":{"QuestionDescriptionOption":"UseText","NumColumns":2},"QuestionDescription":"Which of the following category of beverages would you NEVER consider purchasing for yourself or...","Choices":{"4":{"Display":"English\/Ceylon Tea"},"7":{"Display":"Green Tea"},"10":{"Display":"Health Food Drinks\/Fortified Drinks"},"13":{"Display":"3-in-1 Coffee Mixes"},"16":{"Display":"Instant Coffee"},"19":{"Display":"Cereal Drink"},"22":{"Display":"Oats"},"25":{"Display":"Milk"},"28":{"Display":"Carbonated Soft Drinks"},"31":{"Display":"Fruit Juice"},"34":{"Display":"None of the above","ExclusiveAnswer":true}},"ChoiceOrder":["4","7","10","13","16","19","22","25","28","31","34"],"Validation":{"Settings":{"ForceResponse":"ON","ForceResponseType":"ON","Type":"None"}},"Language":[],"QuestionID":"QID204","Randomization":{"Type":"Advanced","Advanced":{"FixedOrder":["{~Randomized~}","{~Randomized~}","{~Randomized~}","{~Randomized~}","{~Randomized~}","{~Randomized~}","{~Randomized~}","{~Randomized~}","{~Randomized~}","{~Randomized~}","34"],"RandomizeAll":["4","7","10","13","16","19","22","25","28","31"],"RandomSubSet":[],"Undisplayed":[],"TotalRandSubset":0},"EvenPresentation":false,"TotalRandSubset":""},"RecodeValues":{"4":"1","7":"2","10":"3","13":"4","16":"5","19":"6","22":"7","25":"8","28":"9","31":"10","34":"99"},"QuestionText_Unsafe":"<p>Which of the following category of beverages would you <b>NEVER consider<\/b> purchasing for yourself or your household?&nbsp;<\/p><p><br><\/p><p><i>(Choose all relevant options)<\/i><\/p>","VariableNaming":{"4":"English\/Ceylon Tea","7":"Green Tea","10":"Health Food Drinks\/Fortified Drinks","13":"3-in-1 Coffee Mixes","16":"Instant Coffee","19":"Cereal Drink","22":"Oats","25":"Milk","28":"Carbonated Soft Drinks","31":"Fruit Juice","34":"None of the above"}}},{"SurveyID":"SV_6g82lCrBKwNOALj","Element":"SQ","PrimaryAttribute":"QID205","SecondaryAttribute":"Which types of beverage you have consumed in the past 7 days?\u00a0 (Choose all relevant options)","TertiaryAttribute":null,"Payload":{"QuestionText":"<p>Which types of beverage you have <b>consumed in the past 7 days<\/b>?&nbsp;<\/p><p><br><\/p><p><i>(Choose all relevant options)<\/i><\/p>","DataExportTag":"Q12","QuestionType":"MC","Selector":"MACOL","SubSelector":"TX","Configuration":{"QuestionDescriptionOption":"UseText","NumColumns":2},"QuestionDescription":"Which types of beverage you have consumed in the past 7 days?\u00a0 (Choose all relevant options)","Choices":{"4":{"Display":"English\/Ceylon Tea"},"7":{"Display":"Green Tea"},"10":{"Display":"Health Food Drinks\/Fortified Drinks"},"13":{"Display":"3-in-1 Coffee Mixes"},"16":{"Display":"Instant Coffee"},"19":{"Display":"Cereal Drink"},"22":{"Display":"Oats"},"25":{"Display":"Milk"},"28":{"Display":"Carbonated Soft Drinks"},"31":{"Display":"Fruit Juice"},"34":{"Display":"None of the above","ExclusiveAnswer":true}},"ChoiceOrder":["4","7","10","13","16","19","22","25","28","31","34"],"Validation":{"Settings":{"ForceResponse":"ON","ForceResponseType":"ON","Type":"None"}},"Language":[],"QuestionID":"QID205","RecodeValues":{"4":"1","7":"2","10":"3","13":"4","16":"5","19":"6","22":"7","25":"8","28":"9","31":"10","34":"99"},"Randomization":{"Type":"Advanced","Advanced":{"FixedOrder":["{~Randomized~}","{~Randomized~}","{~Randomized~}","{~Randomized~}","{~Randomized~}","{~Randomized~}","{~Randomized~}","{~Randomized~}","{~Randomized~}","{~Randomized~}","34"],"RandomizeAll":["4","7","10","13","16","19","22","25","28","31"],"RandomSubSet":[],"Undisplayed":[],"TotalRandSubset":0},"EvenPresentation":false,"TotalRandSubset":""},"QuestionText_Unsafe":"<p>Which types of beverage you have <b>consumed in the past 7 days<\/b>?&nbsp;<\/p><p><br><\/p><p><i>(Choose all relevant options)<\/i><\/p>","DisplayLogic":{"0":{"0":{"LogicType":"Question","QuestionID":"QID203","QuestionIsInLoop":"no","ChoiceLocator":"q:\/\/QID203\/SelectableChoice\/2","Operator":"Selected","QuestionIDFromLocator":"QID203","LeftOperand":"q:\/\/QID203\/SelectableChoice\/2","Type":"Expression","Description":"<span class=\"ConjDesc\">If<\/span> <span class=\"QuestionDesc\">What is your preferred language when answering this survey?<\/span> <span class=\"LeftOpDesc\">English<\/span> <span class=\"OpDesc\">Is Selected<\/span> "},"1":{"LogicType":"Question","QuestionID":"QID204","QuestionIsInLoop":"no","ChoiceLocator":"q:\/\/QID204\/SelectableChoice\/13","Operator":"NotSelected","QuestionIDFromLocator":"QID204","LeftOperand":"q:\/\/QID204\/SelectableChoice\/13","Type":"Expression","Description":"<span class=\"ConjDesc\">And<\/span> <span class=\"QuestionDesc\">Which of the following category of beverages would you NEVER consider purchasing for yourself or...<\/span> <span class=\"LeftOpDesc\">3-in-1 Coffee Mixes<\/span> <span class=\"OpDesc\">Is Not Selected<\/span> ","Conjuction":"And"},"Type":"If"},"Type":"BooleanExpression","inPage":false}}},{"SurveyID":"SV_6g82lCrBKwNOALj","Element":"SQ","PrimaryAttribute":"QID238","SecondaryAttribute":"\u60a8\u4e2a\u4eba\u6709\u591a\u5e38\u5403\u997c\u5e72\uff1f","TertiaryAttribute":null,"Payload":{"QuestionText":"\u60a8\u4e2a\u4eba\u6709\u591a\u5e38<b>\u5403\u997c\u5e72<\/b>\uff1f","DefaultChoices":false,"DataExportTag":"Q31","QuestionType":"MC","Selector":"SAVR","SubSelector":"TX","Configuration":{"QuestionDescriptionOption":"UseText"},"QuestionDescription":"\u60a8\u4e2a\u4eba\u6709\u591a\u5e38\u5403\u997c\u5e72\uff1f","Choices":{"16":{"Display":"\u591a\u8fc7\u4e00\u5929\u4e00\u6b21"},"17":{"Display":"\u4e00\u5929\u4e00\u6b21"},"18":{"Display":"\u4e00\u661f\u671f5-6\u6b21"},"19":{"Display":"\u4e00\u661f\u671f3-4\u6b21"},"20":{"Display":"\u4e00\u661f\u671f1-2\u6b21"},"21":{"Display":"\u4e00\u4e2a\u67082-3\u6b21"},"22":{"Display":"\u4e00\u4e2a\u6708\u4e00\u6b21"},"23":{"Display":"\u5c11\u8fc7\u4e00\u4e2a\u6708\u4e00\u6b21"},"24":{"Display":"\u4e0d\u77e5\u9053"}},"DisplayLogic":{"0":{"0":{"LogicType":"Question","QuestionID":"QID235","QuestionIsInLoop":"no","ChoiceLocator":"q:\/\/QID235\/SelectableChoice\/13","Operator":"Selected","QuestionIDFromLocator":"QID235","LeftOperand":"q:\/\/QID235\/SelectableChoice\/13","Type":"Expression","Description":"<span class=\"ConjDesc\">If<\/span> <span class=\"QuestionDesc\">\u4ee5\u4e0b\u54ea\u4e2a\u98df\u54c1\u7684\u79cd\u7c7b\u662f\u60a8\u5728\u8fd9\u4e09\u4e2a\u6708\u5185\u6709\u5403\u8fc7\u7684\uff1f (\u53ef\u9009\u62e9\u591a\u8fc7\u4e00\u79cd)<\/span> <span class=\"LeftOpDesc\">\u997c\u5e72 (Biscuits)<\/span> <span class=\"OpDesc\">Is Selected<\/span> "},"Type":"If"},"Type":"BooleanExpression","inPage":false},"ChoiceOrder":["16","17","18","19","20","21","22","23","24"],"Validation":{"Settings":{"ForceResponse":"ON","ForceResponseType":"ON","Type":"None"}},"RecodeValues":{"16":"1","17":"2","18":"3","19":"4","20":"5","21":"6","22":"7","23":"8","24":"99"},"GradingData":[],"Language":[],"QuestionID":"QID238","QuestionText_Unsafe":"\u60a8\u4e2a\u4eba\u6709\u591a\u5e38<b>\u5403\u997c\u5e72<\/b>\uff1f","VariableNaming":{"16":"More than once a day","17":"Once a day","18":"5-6 times per week","19":"3-4 times per week","20":"1-2 times per week","21":"2-3 times a month","22":"Once a month","23":"Less than once a month","24":"Don\u2019t know"}}},{"SurveyID":"SV_6g82lCrBKwNOALj","Element":"SQ","PrimaryAttribute":"QID214","SecondaryAttribute":"\u60a8\u4e2a\u4eba\u6709\u591a\u5e38\u559d3\u54081\u6df7\u5408\u5496\u5561\uff1f","TertiaryAttribute":null,"Payload":{"QuestionText":"<p>\u60a8\u4e2a\u4eba\u6709\u591a\u5e38\u559d<b>3\u54081\u6df7\u5408\u5496\u5561<\/b>\uff1f<\/p>","QuestionType":"MC","Selector":"SAVR","SubSelector":"TX","Configuration":{"QuestionDescriptionOption":"UseText"},"QuestionDescription":"\u60a8\u4e2a\u4eba\u6709\u591a\u5e38\u559d3\u54081\u6df7\u5408\u5496\u5561\uff1f","Choices":{"5":{"Display":"\u591a\u8fc7\u4e00\u5929\u4e00\u6b21"},"8":{"Display":"\u4e00\u5929\u4e00\u6b21"},"11":{"Display":"\u4e00\u661f\u671f5-6\u6b21"},"14":{"Display":"\u4e00\u661f\u671f3-4\u6b21"},"17":{"Display":"\u4e00\u661f\u671f1-2\u6b21"},"20":{"Display":"\u4e00\u4e2a\u67082-3\u6b21"},"23":{"Display":"\u4e00\u4e2a\u6708\u4e00\u6b21"},"26":{"Display":"\u5c11\u8fc7\u4e00\u4e2a\u6708\u4e00\u6b21"},"29":{"Display":"\u4e0d\u77e5\u9053"}},"ChoiceOrder":["5","8","11","14","17","20","23","26","29"],"Validation":{"Settings":{"ForceResponse":"ON","ForceResponseType":"ON","Type":"None"}},"Language":[],"QuestionText_Unsafe":"<p>\u60a8\u4e2a\u4eba\u6709\u591a\u5e38\u559d<b>3\u54081\u6df7\u5408\u5496\u5561<\/b>\uff1f<\/p>","DataExportTag":"Q27","QuestionID":"QID214","RecodeValues":{"5":"1","8":"2","11":"3","14":"4","17":"5","20":"6","23":"7","26":"8","29":"99"},"DisplayLogic":{"0":{"0":{"LogicType":"Question","QuestionID":"QID213","QuestionIsInLoop":"no","ChoiceLocator":"q:\/\/QID213\/SelectableChoice\/14","Operator":"Selected","QuestionIDFromLocator":"QID213","LeftOperand":"q:\/\/QID213\/SelectableChoice\/14","Type":"Expression","Description":"<span class=\"ConjDesc\">If<\/span> <span class=\"QuestionDesc\">\u4ee5\u4e0b\u90a3\u4e2a\u996e\u54c1\u7684\u79cd\u7c7b\u662f\u60a8\u57287\u5929\u524d\u6709\u559d\u8fc7\u7684\uff1f (\u53ef\u9009\u62e9\u591a\u8fc7\u4e00\u79cd)<\/span> <span class=\"LeftOpDesc\">3\u54081\u6df7\u5408\u5496\u5561<\/span> <span class=\"OpDesc\">Is Selected<\/span> "},"Type":"If"},"Type":"BooleanExpression","inPage":false},"VariableNaming":{"5":"More than once a day","8":"Once a day","11":"5-6 times per week","14":"3-4 times per week","17":"1-2 times per week","20":"2-3 times a month","23":"Once a month","26":"Less than once a month","29":"Don\u2019t know"}}}]}